<?xml version="1.0" encoding="utf-8"?>
<Project ToolsVersion="4.0" xmlns="http://schemas.microsoft.com/developer/msbuild/2003">
  <ItemGroup>
    <ClInclude Include="pch.h" />
    <ClInclude Include="framework.h" />
    <ClInclude Include="ShaderLib.h" />
    <ClInclude Include="ShaderTypes.h">
      <Filter>ShaderTypes</Filter>
    </ClInclude>
    <ClInclude Include="BuiltInBuffers.h">
      <Filter>Buffers</Filter>
    </ClInclude>
    <ClInclude Include="BuiltInStructures.h">
      <Filter>Buffers</Filter>
    </ClInclude>
    <ClInclude Include="Serialization.h">
      <Filter>Serialization</Filter>
    </ClInclude>
    <ClInclude Include="ShaderDescriptors.h">
      <Filter>Descriptors</Filter>
    </ClInclude>
    <ClInclude Include="DescriptorBuilder.h">
      <Filter>Descriptors</Filter>
    </ClInclude>
    <ClInclude Include="BufferObjectDefinition.h">
      <Filter>Buffers\BufferObjectInstance\BufferObjectDefinition</Filter>
    </ClInclude>
    <ClInclude Include="BufferObjectInstance.h">
      <Filter>Buffers\BufferObjectInstance</Filter>
    </ClInclude>
    <ClInclude Include="StructureDefinition.h">
      <Filter>Buffers\BufferObjectInstance\BufferObjectDefinition\BufferLayout\StructureDefinition</Filter>
    </ClInclude>
    <ClInclude Include="BufferLayout.h">
      <Filter>Buffers\BufferObjectInstance\BufferObjectDefinition\BufferLayout</Filter>
    </ClInclude>
    <ClInclude Include="IBufferMapping.h">
      <Filter>Buffers</Filter>
    </ClInclude>
    <ClInclude Include="FieldProxy.h">
      <Filter>Buffers\BufferObjectInstance\FieldProxy</Filter>
    </ClInclude>
    <ClInclude Include="TypeConversions.h" />
    <ClInclude Include="TypeSerializationTable.h" />
    <ClInclude Include="ValidationMacros.h" />
    <ClInclude Include="FieldDescriptor.h">
      <Filter>Buffers\BufferObjectInstance\BufferObjectDefinition\BufferLayout</Filter>
    </ClInclude>
    <ClInclude Include="IAsyncMemoryOperations.h">
      <Filter>Buffers</Filter>
    </ClInclude>
  </ItemGroup>
  <ItemGroup>
    <ClCompile Include="pch.cpp" />
    <ClCompile Include="ShaderLib.cpp" />
    <ClCompile Include="ShaderTypes.cpp">
      <Filter>ShaderTypes</Filter>
    </ClCompile>
    <ClCompile Include="Serialization.cpp">
      <Filter>Serialization</Filter>
    </ClCompile>
    <ClCompile Include="BufferObjectDefinition.cpp">
      <Filter>Buffers\BufferObjectInstance\BufferObjectDefinition</Filter>
    </ClCompile>
    <ClCompile Include="BufferObjectInstance.cpp">
      <Filter>Buffers\BufferObjectInstance</Filter>
    </ClCompile>
    <ClCompile Include="StructureDefinition.cpp">
      <Filter>Buffers\BufferObjectInstance\BufferObjectDefinition\BufferLayout\StructureDefinition</Filter>
    </ClCompile>
    <ClCompile Include="BufferLayout.cpp">
      <Filter>Buffers\BufferObjectInstance\BufferObjectDefinition\BufferLayout</Filter>
    </ClCompile>
    <ClCompile Include="FieldProxy.cpp">
      <Filter>Buffers\BufferObjectInstance\FieldProxy</Filter>
    </ClCompile>
    <ClCompile Include="TypeSerializationTable.cpp" />
  </ItemGroup>
  <ItemGroup>
    <Filter Include="ShaderTypes">
      <UniqueIdentifier>{6fcb24b2-5e9a-44fb-ad03-93b45477347f}</UniqueIdentifier>
    </Filter>
    <Filter Include="Buffers">
      <UniqueIdentifier>{28df3c98-015c-4517-804f-a9c828e08058}</UniqueIdentifier>
    </Filter>
    <Filter Include="Serialization">
      <UniqueIdentifier>{795623d0-2eb8-4746-a3f4-452083d76b8b}</UniqueIdentifier>
    </Filter>
    <Filter Include="Descriptors">
      <UniqueIdentifier>{71f87e11-59d4-4ea8-95c1-d52fd96a7b79}</UniqueIdentifier>
    </Filter>
    <Filter Include="Buffers\BufferObjectInstance">
      <UniqueIdentifier>{f160becd-ded1-46ef-80aa-fb2ca60f7bdf}</UniqueIdentifier>
    </Filter>
    <Filter Include="Buffers\BufferObjectInstance\FieldProxy">
      <UniqueIdentifier>{3523ae9c-5994-4c12-b9b5-df4f67d57c86}</UniqueIdentifier>
    </Filter>
    <Filter Include="Buffers\BufferObjectInstance\BufferObjectDefinition">
      <UniqueIdentifier>{4c8ecd09-62bd-4d03-9513-8f264a5fbb2f}</UniqueIdentifier>
    </Filter>
    <Filter Include="Buffers\BufferObjectInstance\BufferObjectDefinition\BufferLayout">
      <UniqueIdentifier>{69b2775a-7a15-42ad-9d80-fd78fe2b680e}</UniqueIdentifier>
    </Filter>
    <Filter Include="Buffers\BufferObjectInstance\BufferObjectDefinition\BufferLayout\StructureDefinition">
      <UniqueIdentifier>{88774e74-2178-444e-ba58-b6c8219829d0}</UniqueIdentifier>
    </Filter>
  </ItemGroup>
</Project>