<?xml version="1.0" encoding="utf-8"?>
<Project ToolsVersion="4.0" xmlns="http://schemas.microsoft.com/developer/msbuild/2003">
  <ItemGroup>
    <ClInclude Include="pch.h" />
    <ClInclude Include="framework.h" />
    <ClInclude Include="ShaderLib.h" />
    <ClInclude Include="Serialization.h" />
    <ClInclude Include="TypeConversions.h" />
    <ClInclude Include="VulkanHelper.h" />
    <ClInclude Include="ShaderTypes.h" />
    <ClInclude Include="BuiltInStructures.h" />
    <ClInclude Include="BufferBuilder.h" />
    <ClInclude Include="BuiltInBuffers.h" />
    <ClInclude Include="BufferReader.h" />
    <ClInclude Include="BufferWriter.h" />
    <ClInclude Include="BufferAccessor.h" />
    <ClInclude Include="ShaderStruct.h" />
    <ClInclude Include="ShaderArray.h" />
    <ClInclude Include="ShaderDescriptors.h" />
    <ClInclude Include="DescriptorBuilder.h" />
    <ClInclude Include="ValueSerialization.h" />
    <ClInclude Include="TypeSerializationTable.h" />
  </ItemGroup>
  <ItemGroup>
    <ClCompile Include="pch.cpp" />
    <ClCompile Include="Serialization.cpp" />
    <ClCompile Include="TypeConversions.cpp" />
    <ClCompile Include="VulkanHelper.cpp" />
    <ClCompile Include="ShaderTypes.cpp" />
    <ClCompile Include="ShaderLib.cpp" />
    <ClCompile Include="ValueSerialization.cpp" />
    <ClCompile Include="ShaderStruct.cpp" />
    <ClCompile Include="ShaderArray.cpp" />
    <ClCompile Include="TypeSerializationTable.cpp" />
  </ItemGroup>
</Project>