<?xml version="1.0" encoding="utf-8"?>
<Project ToolsVersion="4.0" xmlns="http://schemas.microsoft.com/developer/msbuild/2003">
  <ItemGroup>
    <ClCompile Include="Src\main.cpp" />
    <ClCompile Include="Src\Application\Application.cpp" />
    <ClCompile Include="Src\GraphicsEngine\GraphicsEngine.cpp" />
    <ClCompile Include="Src\WindowSytem\Window.cpp" />
    <ClCompile Include="Src\GraphicsEngine\Renderer\Renderer.cpp" />
    <ClCompile Include="Src\GraphicsEngine\Renderer\Device\Device.cpp" />
    <ClCompile Include="Src\GraphicsEngine\Renderer\SwapChain\SwapChain.cpp" />
    <ClCompile Include="Src\GraphicsEngine\Renderer\GraphicsPipeline\GraphicsPipeline.cpp" />
    <ClCompile Include="Src\GraphicsEngine\ResourceManager\Resource.cpp" />
    <ClCompile Include="Src\GraphicsEngine\ResourceManager\MeshManager\Mesh.cpp" />
    <ClCompile Include="Src\GraphicsEngine\ResourceManager\MeshManager\MeshManager.cpp" />
    <ClCompile Include="Src\GraphicsEngine\ResourceManager\TextureManager\Texture.cpp" />
    <ClCompile Include="Src\GraphicsEngine\ResourceManager\TextureManager\TextureManager.cpp" />
    <ClCompile Include="Src\GraphicsEngine\ResourceManager\ModelDataManager\ModelData.cpp" />
    <ClCompile Include="Src\GraphicsEngine\ResourceManager\ResourceManager.cpp" />
    <ClCompile Include="Src\GraphicsEngine\Renderer\Buffers\VertexBuffer\VertexBuffer.cpp" />
    <ClCompile Include="Src\GraphicsEngine\Renderer\Buffers\IndexBuffer\IndexBuffer.cpp" />
    <ClCompile Include="Src\GraphicsEngine\Renderer\Buffers\Buffer.cpp" />
    <ClCompile Include="Src\GraphicsEngine\Renderer\Buffers\UniformBuffer\UniformBuffer.cpp" />
    <ClCompile Include="Src\GraphicsEngine\Renderer\Image\Image.cpp" />
    <ClCompile Include="Src\GraphicsEngine\Renderer\Buffers\StagingBuffer\StagingBuffer.cpp" />
    <ClCompile Include="Src\GraphicsEngine\Renderer\ImageView\ImageView.cpp" />
    <ClCompile Include="Src\GraphicsEngine\Renderer\TextureSampler\TextureSampler.cpp" />
    <ClCompile Include="Src\GraphicsEngine\Renderer\DescriptorSets\DescriptorSet\DescriptorSet.cpp" />
    <ClCompile Include="Src\GraphicsEngine\Renderer\DescriptorSets\DescriptorPool\DescriptorPool.cpp" />
    <ClCompile Include="Src\GraphicsEngine\Renderer\DescriptorSets\DescriptorSet\TextureDescriptorSet\TextureDescriptorSet.cpp" />
    <ClCompile Include="Src\GraphicsEngine\Renderer\DescriptorSets\DescriptorSet\GlobalDescriptorSet\GlobalDescriptorSet.cpp" />
    <ClCompile Include="Src\GraphicsEngine\Renderer\DescriptorSets\DescriptorSet\ModelDescriptorSet\ModelDescriptorSet.cpp" />
    <ClCompile Include="Src\GraphicsEngine\ResourceManager\ModelDataManager\ModelDataManager.cpp" />
    <ClCompile Include="Src\GraphicsEngine\Scene\Scene.cpp" />
    <ClCompile Include="Src\InputSystem\InputSystem.cpp" />
    <ClCompile Include="Src\GraphicsEngine\Scene\SceneObjectManager\Camera\Camera.cpp" />
    <ClCompile Include="Src\GraphicsEngine\Scene\SceneObjectManager\SceneObject.cpp" />
    <ClCompile Include="Src\GraphicsEngine\Scene\SceneObjectManager\Model\Model.cpp" />
    <ClCompile Include="Src\GraphicsEngine\Scene\SceneObjectManager\SceneObjectManager.cpp" />
  </ItemGroup>
  <ItemGroup>
    <ClInclude Include="Src\Application\Application.h" />
    <ClInclude Include="Src\GraphicsEngine\GraphicsEngine.h" />
    <ClInclude Include="Src\WindowSytem\Window.h" />
    <ClInclude Include="Src\GraphicsEngine\Renderer\Renderer.h" />
    <ClInclude Include="Src\GraphicsEngine\Renderer\Device\Device.h" />
    <ClInclude Include="Src\GraphicsEngine\Renderer\SwapChain\SwapChain.h" />
    <ClInclude Include="Src\Prerequisites.h" />
    <ClInclude Include="Src\GraphicsEngine\Renderer\GraphicsPipeline\GraphicsPipeline.h" />
    <ClInclude Include="Src\GraphicsEngine\ResourceManager\Resource.h" />
    <ClInclude Include="Src\GraphicsEngine\ResourceManager\MeshManager\Mesh.h" />
    <ClInclude Include="Src\GraphicsEngine\ResourceManager\MeshManager\MeshManager.h" />
    <ClInclude Include="Src\GraphicsEngine\ResourceManager\TextureManager\Texture.h" />
    <ClInclude Include="Src\GraphicsEngine\ResourceManager\TextureManager\TextureManager.h" />
    <ClInclude Include="Src\GraphicsEngine\ResourceManager\ModelDataManager\ModelData.h" />
    <ClInclude Include="Src\GraphicsEngine\ResourceManager\ResourceManager.h" />
    <ClInclude Include="Src\GraphicsEngine\Renderer\Buffers\VertexBuffer\VertexBuffer.h" />
    <ClInclude Include="Src\GraphicsEngine\Renderer\Buffers\IndexBuffer\IndexBuffer.h" />
    <ClInclude Include="Src\GraphicsEngine\Renderer\Buffers\Buffer.h" />
    <ClInclude Include="Src\GraphicsEngine\Renderer\Buffers\UniformBuffer\UniformBuffer.h" />
    <ClInclude Include="Src\GraphicsEngine\Renderer\Image\Image.h" />
    <ClInclude Include="Src\GraphicsEngine\Renderer\Buffers\StagingBuffer\StagingBuffer.h" />
    <ClInclude Include="Src\GraphicsEngine\Renderer\ImageView\ImageView.h" />
    <ClInclude Include="Src\GraphicsEngine\Renderer\TextureSampler\TextureSampler.h" />
    <ClInclude Include="Src\GraphicsEngine\Renderer\DescriptorSets\DescriptorSet\DescriptorSet.h" />
    <ClInclude Include="Src\GraphicsEngine\Renderer\DescriptorSets\DescriptorPool\DescriptorPool.h" />
    <ClInclude Include="Src\GraphicsEngine\Renderer\DescriptorSets\DescriptorSet\TextureDescriptorSet\TextureDescriptorSet.h" />
    <ClInclude Include="Src\GraphicsEngine\Renderer\DescriptorSets\DescriptorSet\GlobalDescriptorSet\GlobalDescriptorSet.h" />
    <ClInclude Include="Src\GraphicsEngine\Renderer\DescriptorSets\DescriptorSet\ModelDescriptorSet\ModelDescriptorSet.h" />
    <ClInclude Include="Src\GraphicsEngine\ResourceManager\ModelDataManager\ModelDataManager.h" />
    <ClInclude Include="Src\GraphicsEngine\Scene\Scene.h" />
    <ClInclude Include="Src\InputSystem\InputListener.h" />
    <ClInclude Include="Src\InputSystem\InputSystem.h" />
    <ClInclude Include="Src\GraphicsEngine\Scene\SceneObjectManager\Camera\Camera.h" />
    <ClInclude Include="Src\GraphicsEngine\Scene\SceneObjectManager\SceneObject.h" />
    <ClInclude Include="Src\GraphicsEngine\Scene\SceneObjectManager\Model\Model.h" />
    <ClInclude Include="Src\GraphicsEngine\Scene\SceneObjectManager\SceneObjectManager.h" />
  </ItemGroup>
  <ItemGroup>
    <None Include="Shaders\Shader.frag" />
    <None Include="Shaders\Shader.vert" />
    <None Include="ClassDiagram.cd" />
  </ItemGroup>
</Project>