<?xml version="1.0" encoding="utf-8"?>
<Project ToolsVersion="4.0" xmlns="http://schemas.microsoft.com/developer/msbuild/2003">
  <ItemGroup>
    <ClCompile Include="Src\main.cpp" />
    <ClCompile Include="Src\GraphicsEngine.cpp">
      <Filter>Application\GraphicsEngine</Filter>
    </ClCompile>
    <ClCompile Include="Src\Window.cpp">
      <Filter>Application\GraphicsEngine\Window</Filter>
    </ClCompile>
    <ClCompile Include="Src\ThreadPool.cpp">
      <Filter>Application\ThreadPool</Filter>
    </ClCompile>
    <ClCompile Include="Src\InputSystem.cpp">
      <Filter>Application\InputSystem</Filter>
    </ClCompile>
    <ClCompile Include="Src\Application.cpp">
      <Filter>Application</Filter>
    </ClCompile>
    <ClCompile Include="Src\Buffer.cpp">
      <Filter>Application\GraphicsEngine\Buffers</Filter>
    </ClCompile>
    <ClCompile Include="Src\Image.cpp">
      <Filter>Application\GraphicsEngine\Images</Filter>
    </ClCompile>
    <ClCompile Include="Src\IndexBuffer.cpp">
      <Filter>Application\GraphicsEngine\Buffers</Filter>
    </ClCompile>
    <ClCompile Include="Src\Renderer.cpp">
      <Filter>Application\GraphicsEngine\Renderer</Filter>
    </ClCompile>
    <ClCompile Include="Src\Resource.cpp">
      <Filter>Application\GraphicsEngine\ResourceManagers</Filter>
    </ClCompile>
    <ClCompile Include="Src\ResourceManager.cpp">
      <Filter>Application\GraphicsEngine\ResourceManagers</Filter>
    </ClCompile>
    <ClCompile Include="Src\Scene.cpp">
      <Filter>Application\GraphicsEngine\Scene</Filter>
    </ClCompile>
    <ClCompile Include="Src\StagingBuffer.cpp">
      <Filter>Application\GraphicsEngine\Buffers</Filter>
    </ClCompile>
    <ClCompile Include="Src\UniformBuffer.cpp">
      <Filter>Application\GraphicsEngine\Buffers</Filter>
    </ClCompile>
    <ClCompile Include="Src\VertexBuffer.cpp">
      <Filter>Application\GraphicsEngine\Buffers</Filter>
    </ClCompile>
    <ClCompile Include="Src\SwapChain.cpp">
      <Filter>Application\GraphicsEngine\Renderer\SwapChain</Filter>
    </ClCompile>
    <ClCompile Include="Src\PipelineBuilder.cpp">
      <Filter>Application\GraphicsEngine\Renderer\PipelineBuilder</Filter>
    </ClCompile>
    <ClCompile Include="Src\Device.cpp">
      <Filter>Application\GraphicsEngine\Device</Filter>
    </ClCompile>
    <ClCompile Include="Src\SceneObjectManager.cpp">
      <Filter>Application\GraphicsEngine\Scene\SceneObjectManager</Filter>
    </ClCompile>
    <ClCompile Include="Src\SceneObject.cpp">
      <Filter>Application\GraphicsEngine\Scene\SceneObjectManager\SceneObject</Filter>
    </ClCompile>
    <ClCompile Include="Src\Model.cpp">
      <Filter>Application\GraphicsEngine\Scene\SceneObjectManager\SceneObject\Model</Filter>
    </ClCompile>
    <ClCompile Include="Src\Camera.cpp">
      <Filter>Application\GraphicsEngine\Scene\SceneObjectManager\SceneObject\Camera</Filter>
    </ClCompile>
    <ClCompile Include="Src\Mesh.cpp">
      <Filter>Application\GraphicsEngine\ResourceManagers\MeshManager</Filter>
    </ClCompile>
    <ClCompile Include="Src\MeshManager.cpp">
      <Filter>Application\GraphicsEngine\ResourceManagers\MeshManager</Filter>
    </ClCompile>
    <ClCompile Include="Src\ModelData.cpp">
      <Filter>Application\GraphicsEngine\ResourceManagers\ModelDataManager</Filter>
    </ClCompile>
    <ClCompile Include="Src\ModelDataManager.cpp">
      <Filter>Application\GraphicsEngine\ResourceManagers\ModelDataManager</Filter>
    </ClCompile>
    <ClCompile Include="Src\Texture.cpp">
      <Filter>Application\GraphicsEngine\ResourceManagers\TextureManager</Filter>
    </ClCompile>
    <ClCompile Include="Src\TextureManager.cpp">
      <Filter>Application\GraphicsEngine\ResourceManagers\TextureManager</Filter>
    </ClCompile>
    <ClCompile Include="Src\RendererInits.cpp">
      <Filter>Application\GraphicsEngine\Renderer</Filter>
    </ClCompile>
    <ClCompile Include="Src\Descriptors.cpp">
      <Filter>Application\GraphicsEngine\Descriptors</Filter>
    </ClCompile>
    <ClCompile Include="Src\Instance.cpp">
      <Filter>Application\GraphicsEngine\Instance</Filter>
    </ClCompile>
    <ClCompile Include="Libs\imgui\imgui.cpp">
      <Filter>ImGui</Filter>
    </ClCompile>
    <ClCompile Include="Libs\imgui\imgui_demo.cpp">
      <Filter>ImGui</Filter>
    </ClCompile>
    <ClCompile Include="Libs\imgui\imgui_draw.cpp">
      <Filter>ImGui</Filter>
    </ClCompile>
    <ClCompile Include="Libs\imgui\imgui_impl_glfw.cpp">
      <Filter>ImGui</Filter>
    </ClCompile>
    <ClCompile Include="Libs\imgui\imgui_impl_vulkan.cpp">
      <Filter>ImGui</Filter>
    </ClCompile>
    <ClCompile Include="Libs\imgui\imgui_tables.cpp">
      <Filter>ImGui</Filter>
    </ClCompile>
    <ClCompile Include="Libs\imgui\imgui_widgets.cpp">
      <Filter>ImGui</Filter>
    </ClCompile>
    <ClCompile Include="Libs\imgui\misc\cpp\imgui_stdlib.cpp">
      <Filter>ImGui</Filter>
    </ClCompile>
    <ClCompile Include="Src\PointLightObject.cpp">
      <Filter>Application\GraphicsEngine\Scene\SceneObjectManager\SceneObject\PointLight</Filter>
    </ClCompile>
  </ItemGroup>
  <ItemGroup>
    <ClInclude Include="Src\Prerequisites.h" />
    <ClInclude Include="Src\GraphicsEngine.h">
      <Filter>Application\GraphicsEngine</Filter>
    </ClInclude>
    <ClInclude Include="Src\Window.h">
      <Filter>Application\GraphicsEngine\Window</Filter>
    </ClInclude>
    <ClInclude Include="Src\ThreadPool.h">
      <Filter>Application\ThreadPool</Filter>
    </ClInclude>
    <ClInclude Include="Src\InputSystem.h">
      <Filter>Application\InputSystem</Filter>
    </ClInclude>
    <ClInclude Include="Src\InputListener.h">
      <Filter>Application\InputSystem</Filter>
    </ClInclude>
    <ClInclude Include="Src\Application.h">
      <Filter>Application</Filter>
    </ClInclude>
    <ClInclude Include="Src\Buffer.h">
      <Filter>Application\GraphicsEngine\Buffers</Filter>
    </ClInclude>
    <ClInclude Include="Src\Image.h">
      <Filter>Application\GraphicsEngine\Images</Filter>
    </ClInclude>
    <ClInclude Include="Src\IndexBuffer.h">
      <Filter>Application\GraphicsEngine\Buffers</Filter>
    </ClInclude>
    <ClInclude Include="Src\Renderer.h">
      <Filter>Application\GraphicsEngine\Renderer</Filter>
    </ClInclude>
    <ClInclude Include="Src\Resource.h">
      <Filter>Application\GraphicsEngine\ResourceManagers</Filter>
    </ClInclude>
    <ClInclude Include="Src\ResourceManager.h">
      <Filter>Application\GraphicsEngine\ResourceManagers</Filter>
    </ClInclude>
    <ClInclude Include="Src\Scene.h">
      <Filter>Application\GraphicsEngine\Scene</Filter>
    </ClInclude>
    <ClInclude Include="Src\StagingBuffer.h">
      <Filter>Application\GraphicsEngine\Buffers</Filter>
    </ClInclude>
    <ClInclude Include="Src\UniformBuffer.h">
      <Filter>Application\GraphicsEngine\Buffers</Filter>
    </ClInclude>
    <ClInclude Include="Src\VertexBuffer.h">
      <Filter>Application\GraphicsEngine\Buffers</Filter>
    </ClInclude>
    <ClInclude Include="Src\SwapChain.h">
      <Filter>Application\GraphicsEngine\Renderer\SwapChain</Filter>
    </ClInclude>
    <ClInclude Include="Src\PipelineBuilder.h">
      <Filter>Application\GraphicsEngine\Renderer\PipelineBuilder</Filter>
    </ClInclude>
    <ClInclude Include="Src\Device.h">
      <Filter>Application\GraphicsEngine\Device</Filter>
    </ClInclude>
    <ClInclude Include="Src\SceneObjectManager.h">
      <Filter>Application\GraphicsEngine\Scene\SceneObjectManager</Filter>
    </ClInclude>
    <ClInclude Include="Src\SceneObject.h">
      <Filter>Application\GraphicsEngine\Scene\SceneObjectManager\SceneObject</Filter>
    </ClInclude>
    <ClInclude Include="Src\Model.h">
      <Filter>Application\GraphicsEngine\Scene\SceneObjectManager\SceneObject\Model</Filter>
    </ClInclude>
    <ClInclude Include="Src\Camera.h">
      <Filter>Application\GraphicsEngine\Scene\SceneObjectManager\SceneObject\Camera</Filter>
    </ClInclude>
    <ClInclude Include="Src\MeshManager.h">
      <Filter>Application\GraphicsEngine\ResourceManagers\MeshManager</Filter>
    </ClInclude>
    <ClInclude Include="Src\Mesh.h">
      <Filter>Application\GraphicsEngine\ResourceManagers\MeshManager</Filter>
    </ClInclude>
    <ClInclude Include="Src\ModelDataManager.h">
      <Filter>Application\GraphicsEngine\ResourceManagers\ModelDataManager</Filter>
    </ClInclude>
    <ClInclude Include="Src\ModelData.h">
      <Filter>Application\GraphicsEngine\ResourceManagers\ModelDataManager</Filter>
    </ClInclude>
    <ClInclude Include="Src\TextureManager.h">
      <Filter>Application\GraphicsEngine\ResourceManagers\TextureManager</Filter>
    </ClInclude>
    <ClInclude Include="Src\Texture.h">
      <Filter>Application\GraphicsEngine\ResourceManagers\TextureManager</Filter>
    </ClInclude>
    <ClInclude Include="Src\RendererInits.h">
      <Filter>Application\GraphicsEngine\Renderer</Filter>
    </ClInclude>
    <ClInclude Include="Src\Descriptors.h">
      <Filter>Application\GraphicsEngine\Descriptors</Filter>
    </ClInclude>
    <ClInclude Include="Src\Instance.h">
      <Filter>Application\GraphicsEngine\Instance</Filter>
    </ClInclude>
    <ClInclude Include="Libs\imgui\imconfig.h">
      <Filter>ImGui</Filter>
    </ClInclude>
    <ClInclude Include="Libs\imgui\imgui.h">
      <Filter>ImGui</Filter>
    </ClInclude>
    <ClInclude Include="Libs\imgui\imgui_impl_glfw.h">
      <Filter>ImGui</Filter>
    </ClInclude>
    <ClInclude Include="Libs\imgui\imgui_impl_vulkan.h">
      <Filter>ImGui</Filter>
    </ClInclude>
    <ClInclude Include="Libs\imgui\imgui_internal.h">
      <Filter>ImGui</Filter>
    </ClInclude>
    <ClInclude Include="Libs\imgui\imstb_rectpack.h">
      <Filter>ImGui</Filter>
    </ClInclude>
    <ClInclude Include="Libs\imgui\imstb_textedit.h">
      <Filter>ImGui</Filter>
    </ClInclude>
    <ClInclude Include="Libs\imgui\imstb_truetype.h">
      <Filter>ImGui</Filter>
    </ClInclude>
    <ClInclude Include="Libs\imgui\misc\cpp\imgui_stdlib.h">
      <Filter>ImGui</Filter>
    </ClInclude>
    <ClInclude Include="Src\PointLightObject.h">
      <Filter>Application\GraphicsEngine\Scene\SceneObjectManager\SceneObject\PointLight</Filter>
    </ClInclude>
  </ItemGroup>
  <ItemGroup>
    <None Include="Shaders\Shader.vert">
      <Filter>Application\GraphicsEngine\Renderer\Shaders</Filter>
    </None>
    <None Include="Shaders\Shader.frag">
      <Filter>Application\GraphicsEngine\Renderer\Shaders</Filter>
    </None>
    <None Include="Shaders\pointLight.vert">
      <Filter>Application\GraphicsEngine\Renderer\Shaders</Filter>
    </None>
    <None Include="Shaders\pointLight.frag">
      <Filter>Application\GraphicsEngine\Renderer\Shaders</Filter>
    </None>
  </ItemGroup>
  <ItemGroup>
    <Filter Include="Application">
      <UniqueIdentifier>{a4c47e33-19d8-4b32-b357-814de45c8134}</UniqueIdentifier>
    </Filter>
    <Filter Include="Application\GraphicsEngine">
      <UniqueIdentifier>{29abc8b0-f6b3-4e60-a43c-055ee93226a4}</UniqueIdentifier>
    </Filter>
    <Filter Include="Application\InputSystem">
      <UniqueIdentifier>{7217a741-b806-438c-b4ce-f62c51bc381b}</UniqueIdentifier>
    </Filter>
    <Filter Include="Application\ThreadPool">
      <UniqueIdentifier>{26fc1fee-33e2-4a98-8483-2f912a8fa1bd}</UniqueIdentifier>
    </Filter>
    <Filter Include="Application\GraphicsEngine\ResourceManagers">
      <UniqueIdentifier>{e345b9e5-047e-476c-9b91-f3f76d863541}</UniqueIdentifier>
    </Filter>
    <Filter Include="Application\GraphicsEngine\Scene">
      <UniqueIdentifier>{b9c80830-174d-4134-9443-31b7bc6e17b2}</UniqueIdentifier>
    </Filter>
    <Filter Include="Application\GraphicsEngine\Renderer">
      <UniqueIdentifier>{b79260e3-062a-4728-84f2-9c64cf576825}</UniqueIdentifier>
    </Filter>
    <Filter Include="Application\GraphicsEngine\Renderer\PipelineBuilder">
      <UniqueIdentifier>{a89326bf-50cf-491c-aede-41b73a085d83}</UniqueIdentifier>
    </Filter>
    <Filter Include="Application\GraphicsEngine\Renderer\SwapChain">
      <UniqueIdentifier>{f89a2610-55c3-4650-90b7-cb8a53396734}</UniqueIdentifier>
    </Filter>
    <Filter Include="Application\GraphicsEngine\Scene\SceneObjectManager">
      <UniqueIdentifier>{c9d38fc7-33b9-4616-ba16-52f98aeab845}</UniqueIdentifier>
    </Filter>
    <Filter Include="Application\GraphicsEngine\Scene\SceneObjectManager\SceneObject">
      <UniqueIdentifier>{7db5a2e8-ec20-47b2-82b4-8b57d8e14424}</UniqueIdentifier>
    </Filter>
    <Filter Include="Application\GraphicsEngine\Scene\SceneObjectManager\SceneObject\Model">
      <UniqueIdentifier>{5e5f9f63-3a94-4070-b1d5-cf85088aa2ec}</UniqueIdentifier>
    </Filter>
    <Filter Include="Application\GraphicsEngine\Scene\SceneObjectManager\SceneObject\Camera">
      <UniqueIdentifier>{0eedf44a-c9ff-456e-8744-4283e54f33f3}</UniqueIdentifier>
    </Filter>
    <Filter Include="Application\GraphicsEngine\ResourceManagers\MeshManager">
      <UniqueIdentifier>{15304a0d-ac02-4d3e-b3b8-5e6655d83777}</UniqueIdentifier>
    </Filter>
    <Filter Include="Application\GraphicsEngine\ResourceManagers\ModelDataManager">
      <UniqueIdentifier>{14f87bf0-1472-487a-a786-36780b9cb3e9}</UniqueIdentifier>
    </Filter>
    <Filter Include="Application\GraphicsEngine\ResourceManagers\TextureManager">
      <UniqueIdentifier>{d07dfc36-bf39-41eb-b7c1-6c01407f89e4}</UniqueIdentifier>
    </Filter>
    <Filter Include="Application\GraphicsEngine\Renderer\Shaders">
      <UniqueIdentifier>{97b1b8b9-c10b-4501-a242-370c9f5bcc4b}</UniqueIdentifier>
    </Filter>
    <Filter Include="Application\GraphicsEngine\Buffers">
      <UniqueIdentifier>{e228bf09-f249-420b-a12e-cf9d6bd631fe}</UniqueIdentifier>
    </Filter>
    <Filter Include="Application\GraphicsEngine\Images">
      <UniqueIdentifier>{3a3430b4-4efd-4523-a0e9-917935898179}</UniqueIdentifier>
    </Filter>
    <Filter Include="Application\GraphicsEngine\Descriptors">
      <UniqueIdentifier>{91c5c937-c5c2-4cc0-9d19-37d16231a80e}</UniqueIdentifier>
    </Filter>
    <Filter Include="Application\GraphicsEngine\Device">
      <UniqueIdentifier>{b3ecf183-f434-42f8-a0d2-1b282c0dc814}</UniqueIdentifier>
    </Filter>
    <Filter Include="Application\GraphicsEngine\Window">
      <UniqueIdentifier>{71b4fcbb-7907-44e5-aad6-a43a9e685b14}</UniqueIdentifier>
    </Filter>
    <Filter Include="Application\GraphicsEngine\Instance">
      <UniqueIdentifier>{65e632e9-2abf-4ffb-bfb8-8b06beabb7fe}</UniqueIdentifier>
    </Filter>
    <Filter Include="ImGui">
      <UniqueIdentifier>{c287c720-0123-4799-83c7-c8be99fd1baa}</UniqueIdentifier>
    </Filter>
    <Filter Include="Application\GraphicsEngine\Scene\SceneObjectManager\SceneObject\PointLight">
      <UniqueIdentifier>{61ba4a1b-19d1-4358-8394-1d56358c1093}</UniqueIdentifier>
    </Filter>
  </ItemGroup>
</Project>