<?xml version="1.0" encoding="utf-8"?>
<Project ToolsVersion="4.0" xmlns="http://schemas.microsoft.com/developer/msbuild/2003">
  <ItemGroup>
    <ClCompile Include="Src\main.cpp" />
    <ClCompile Include="Src\Engine.cpp">
      <Filter>Engine</Filter>
    </ClCompile>
    <ClCompile Include="Src\Window.cpp">
      <Filter>Engine\Window</Filter>
    </ClCompile>
    <ClCompile Include="Src\ThreadPool.cpp">
      <Filter>Engine\ThreadPool</Filter>
    </ClCompile>
    <ClCompile Include="Src\InputSystem.cpp">
      <Filter>Engine\InputSystem</Filter>
    </ClCompile>
    <ClCompile Include="Src\Buffer.cpp">
      <Filter>Engine\EngineCore\VramManager\AllocatedResource\Buffer</Filter>
    </ClCompile>
    <ClCompile Include="Src\Image.cpp">
      <Filter>Engine\EngineCore\VramManager\AllocatedResource\Image</Filter>
    </ClCompile>
    <ClCompile Include="Src\EngineCore.cpp">
      <Filter>Engine\EngineCore</Filter>
    </ClCompile>
    <ClCompile Include="Src\Scene.cpp">
      <Filter>Engine\Scene</Filter>
    </ClCompile>
    <ClCompile Include="Src\SwapChain.cpp">
      <Filter>Engine\EngineCore\SwapChain</Filter>
    </ClCompile>
    <ClCompile Include="Src\Instance.cpp">
      <Filter>Engine\EngineCore\VulkanContext\Instance</Filter>
    </ClCompile>
    <ClCompile Include="Src\MeshRenderSystem.cpp">
      <Filter>Engine\Scene\EntityComponentSystem\Registry\SystemManager\Systems\MeshRenderSystem</Filter>
    </ClCompile>
    <ClCompile Include="Src\CameraSystem.cpp">
      <Filter>Engine\Scene\EntityComponentSystem\Registry\SystemManager\Systems\CameraSystem</Filter>
    </ClCompile>
    <ClCompile Include="Src\LightSystem.cpp">
      <Filter>Engine\Scene\EntityComponentSystem\Registry\SystemManager\Systems\LightSystem</Filter>
    </ClCompile>
    <ClCompile Include="Src\AssetCollectionSystem.cpp">
      <Filter>Engine\Scene\EntityComponentSystem\Registry\SystemManager\Systems\AssetCollectionSystem</Filter>
    </ClCompile>
    <ClCompile Include="Src\Registry.cpp">
      <Filter>Engine\Scene\EntityComponentSystem\Registry</Filter>
    </ClCompile>
    <ClCompile Include="Src\CommandBuffer.cpp">
      <Filter>Engine\EngineCore\CommandBufferManager\CommandBuffer</Filter>
    </ClCompile>
    <ClCompile Include="Src\FrameManager.cpp">
      <Filter>Engine\EngineCore\FrameManager</Filter>
    </ClCompile>
    <ClCompile Include="Src\AssetLoader.cpp">
      <Filter>Engine\AssetSystem\AssetManager\AssetLoader</Filter>
    </ClCompile>
    <ClCompile Include="Src\AssetWatcher.cpp">
      <Filter>Editor\AssetWatcher</Filter>
    </ClCompile>
    <ClCompile Include="Src\AssetManager.cpp">
      <Filter>Engine\AssetSystem\AssetManager</Filter>
    </ClCompile>
    <ClCompile Include="Src\VramManager.cpp">
      <Filter>Engine\EngineCore\VramManager</Filter>
    </ClCompile>
    <ClCompile Include="Src\DebugMessenger.cpp">
      <Filter>Engine\EngineCore\VulkanContext\DebugMessenger</Filter>
    </ClCompile>
    <ClCompile Include="Src\CommandPool.cpp">
      <Filter>Engine\EngineCore\VulkanContext\CommandPool</Filter>
    </ClCompile>
    <ClCompile Include="Src\LogicalDevice.cpp">
      <Filter>Engine\EngineCore\VulkanContext\LogicalDevice</Filter>
    </ClCompile>
    <ClCompile Include="Src\PhysicalDevice.cpp">
      <Filter>Engine\EngineCore\VulkanContext\PhysicalDevice</Filter>
    </ClCompile>
    <ClCompile Include="Src\VulkanUtilities.cpp">
      <Filter>Engine\EngineCore\VulkanContext\VulkanUtilities</Filter>
    </ClCompile>
    <ClCompile Include="Src\VulkanContext.cpp">
      <Filter>Engine\EngineCore\VulkanContext</Filter>
    </ClCompile>
    <ClCompile Include="Src\Surface.cpp">
      <Filter>Engine\EngineCore\VulkanContext\Surface</Filter>
    </ClCompile>
    <ClCompile Include="Src\AllocatedResource.cpp">
      <Filter>Engine\EngineCore\VramManager\AllocatedResource</Filter>
    </ClCompile>
    <ClCompile Include="Src\AttachmentManager.cpp">
      <Filter>Engine\EngineCore\AttachmentManager</Filter>
    </ClCompile>
    <ClCompile Include="Src\FrameBufferManager.cpp">
      <Filter>Engine\EngineCore\FrameBufferManager</Filter>
    </ClCompile>
    <ClCompile Include="Src\RenderPassManager.cpp">
      <Filter>Engine\EngineCore\RenderPassManager</Filter>
    </ClCompile>
    <ClCompile Include="Src\Pipeline.cpp">
      <Filter>Engine\EngineCore\PipelineManager\Pipeline</Filter>
    </ClCompile>
    <ClCompile Include="Src\PipelineManager.cpp">
      <Filter>Engine\EngineCore\PipelineManager</Filter>
    </ClCompile>
    <ClCompile Include="Src\ShaderModule.cpp">
      <Filter>Engine\EngineCore\ShaderModuleManager\ShaderModule</Filter>
    </ClCompile>
    <ClCompile Include="Src\ShaderModuleManager.cpp">
      <Filter>Engine\EngineCore\ShaderModuleManager</Filter>
    </ClCompile>
    <ClCompile Include="Src\DescriptorAllocator.cpp">
      <Filter>Engine\EngineCore\DescriptorSystem\DescriptorAllocator</Filter>
    </ClCompile>
    <ClCompile Include="Src\DescriptorLayoutBuilder.cpp">
      <Filter>Engine\EngineCore\DescriptorSystem\DescriptorLayoutManager\DescriptorLayoutBuilder</Filter>
    </ClCompile>
    <ClCompile Include="Src\DescriptorWriter.cpp">
      <Filter>Engine\EngineCore\DescriptorSystem\DescriptorWriter</Filter>
    </ClCompile>
    <ClCompile Include="Src\DescriptorLayoutManager.cpp">
      <Filter>Engine\EngineCore\DescriptorSystem\DescriptorLayoutManager</Filter>
    </ClCompile>
    <ClCompile Include="Src\SynchronizationResourceManager.cpp">
      <Filter>Engine\EngineCore\SynchronizationResourceManager</Filter>
    </ClCompile>
    <ClCompile Include="Src\ImageSamplerManager.cpp">
      <Filter>Engine\EngineCore\ImageSamplerManager</Filter>
    </ClCompile>
    <ClCompile Include="Src\ImageSampler.cpp">
      <Filter>Engine\EngineCore\ImageSamplerManager\ImageSampler</Filter>
    </ClCompile>
    <ClCompile Include="Src\CommandBufferManager.cpp">
      <Filter>Engine\EngineCore\CommandBufferManager</Filter>
    </ClCompile>
    <ClCompile Include="Src\StagingBufferManager.cpp">
      <Filter>Engine\EngineCore\VramManager\StagingBufferManager</Filter>
    </ClCompile>
    <ClCompile Include="Src\Settings.cpp">
      <Filter>Engine\Settings</Filter>
    </ClCompile>
    <ClCompile Include="Src\Editor.cpp">
      <Filter>Editor</Filter>
    </ClCompile>
    <ClCompile Include="..\Libs\imgui\imgui.cpp">
      <Filter>ImGui</Filter>
    </ClCompile>
    <ClCompile Include="..\Libs\imgui\imgui_demo.cpp">
      <Filter>ImGui</Filter>
    </ClCompile>
    <ClCompile Include="..\Libs\imgui\imgui_draw.cpp">
      <Filter>ImGui</Filter>
    </ClCompile>
    <ClCompile Include="..\Libs\imgui\imgui_impl_glfw.cpp">
      <Filter>ImGui</Filter>
    </ClCompile>
    <ClCompile Include="..\Libs\imgui\imgui_impl_vulkan.cpp">
      <Filter>ImGui</Filter>
    </ClCompile>
    <ClCompile Include="..\Libs\imgui\imgui_tables.cpp">
      <Filter>ImGui</Filter>
    </ClCompile>
    <ClCompile Include="..\Libs\imgui\imgui_widgets.cpp">
      <Filter>ImGui</Filter>
    </ClCompile>
    <ClCompile Include="Src\Inits.cpp">
      <Filter>Engine</Filter>
    </ClCompile>
    <ClCompile Include="Src\Material.cpp">
      <Filter>Engine\AssetSystem\AssetManager\AssetHandlers\MaterialManager\Material</Filter>
    </ClCompile>
    <ClCompile Include="Src\MaterialManager.cpp">
      <Filter>Engine\AssetSystem\AssetManager\AssetHandlers\MaterialManager</Filter>
    </ClCompile>
    <ClCompile Include="Src\BufferManager.cpp">
      <Filter>Engine\EngineCore\BufferManager</Filter>
    </ClCompile>
    <ClCompile Include="Src\PipelineConfig.cpp">
      <Filter>Engine\EngineCore\PipelineManager\PipelineConfig</Filter>
    </ClCompile>
    <ClCompile Include="Src\PipelineLayoutManager.cpp">
      <Filter>Engine\EngineCore\PipelineManager\PipelineLayoutManager</Filter>
    </ClCompile>
    <ClCompile Include="Src\RenderSystem.cpp">
      <Filter>Engine\RenderSystem</Filter>
    </ClCompile>
    <ClCompile Include="Src\UniformBufferStage.cpp">
      <Filter>Engine\RenderSystem\ProcessingStages\UniformBufferStage</Filter>
    </ClCompile>
    <ClCompile Include="Src\DescriptorSetStage.cpp">
      <Filter>Engine\RenderSystem\ProcessingStages\DescriptorSetStage</Filter>
    </ClCompile>
    <ClCompile Include="Src\PipelineAssignmentStage.cpp">
      <Filter>Engine\RenderSystem\ProcessingStages\PipelineAssignmentStage</Filter>
    </ClCompile>
    <ClCompile Include="Src\MeshManager.cpp">
      <Filter>Engine\AssetSystem\AssetManager\AssetHandlers\MeshManager</Filter>
    </ClCompile>
    <ClCompile Include="Src\RenderStage.cpp">
      <Filter>Engine\RenderSystem\ProcessingStages\RenderStage</Filter>
    </ClCompile>
    <ClCompile Include="Src\TransferManager.cpp">
      <Filter>Engine\EngineCore\VramManager\TransferManager</Filter>
    </ClCompile>
    <ClCompile Include="Src\ScriptSystem.cpp">
      <Filter>Engine\Scene\EntityComponentSystem\Registry\SystemManager\Systems\ScriptSystem</Filter>
    </ClCompile>
    <ClCompile Include="Src\LuaBindings.cpp">
      <Filter>Engine\Scene\EntityComponentSystem\Registry\SystemManager\Systems\ScriptSystem\LuaBindings</Filter>
    </ClCompile>
    <ClCompile Include="Src\LuaBindingsEngine.cpp">
      <Filter>Engine\Scene\EntityComponentSystem\Registry\SystemManager\Systems\ScriptSystem\LuaBindings\Engine</Filter>
    </ClCompile>
    <ClCompile Include="Src\LuaBindingsInput.cpp">
      <Filter>Engine\Scene\EntityComponentSystem\Registry\SystemManager\Systems\ScriptSystem\LuaBindings\Input</Filter>
    </ClCompile>
    <ClCompile Include="Src\LuaBindingsComponents.cpp">
      <Filter>Engine\Scene\EntityComponentSystem\Registry\SystemManager\Systems\ScriptSystem\LuaBindings\Components</Filter>
    </ClCompile>
    <ClCompile Include="Src\LuaBindingsSpdlog.cpp">
      <Filter>Engine\Scene\EntityComponentSystem\Registry\SystemManager\Systems\ScriptSystem\LuaBindings\Spdlog</Filter>
    </ClCompile>
    <ClCompile Include="Src\LuaBindingsRegistry.cpp">
      <Filter>Engine\Scene\EntityComponentSystem\Registry\SystemManager\Systems\ScriptSystem\LuaBindings\Registry</Filter>
    </ClCompile>
    <ClCompile Include="Src\LuaBindingsCoreTypes.cpp">
      <Filter>Engine\Scene\EntityComponentSystem\Registry\SystemManager\Systems\ScriptSystem\LuaBindings\CoreTypes</Filter>
    </ClCompile>
    <ClCompile Include="Src\LoggerManager.cpp">
      <Filter>Engine\LoggerManager</Filter>
    </ClCompile>
    <ClCompile Include="Src\TextureManager.cpp">
      <Filter>Engine\AssetSystem\AssetManager\AssetHandlers\TextureManager</Filter>
    </ClCompile>
    <ClCompile Include="Src\AssetResolutionStage.cpp">
      <Filter>Engine\RenderSystem\ProcessingStages\AssetResolutionStage</Filter>
    </ClCompile>
    <ClCompile Include="Src\ShaderManager.cpp">
      <Filter>Engine\AssetSystem\AssetManager\AssetHandlers\ShaderManager</Filter>
    </ClCompile>
    <ClCompile Include="Src\AssetSystem.cpp">
      <Filter>Engine\AssetSystem</Filter>
    </ClCompile>
    <ClCompile Include="Src\SystemManager.cpp">
      <Filter>Engine\Scene\EntityComponentSystem\Registry\SystemManager</Filter>
    </ClCompile>
    <ClCompile Include="Src\EntityManager.cpp">
      <Filter>Engine\Scene\EntityComponentSystem\Registry\EntityManager</Filter>
    </ClCompile>
    <ClCompile Include="Src\ComponentManager.cpp">
      <Filter>Engine\Scene\EntityComponentSystem\Registry\ComponentManager</Filter>
    </ClCompile>
    <ClCompile Include="Src\PrefabManager.cpp">
      <Filter>Engine\AssetSystem\AssetManager\AssetHandlers\PrefabManager</Filter>
    </ClCompile>
    <ClCompile Include="Src\PrefabInstanceManager.cpp">
      <Filter>Engine\Scene\EntityComponentSystem\Registry\PrefabInstaceManager</Filter>
    </ClCompile>
    <ClCompile Include="Src\SceneManager.cpp">
      <Filter>Engine\AssetSystem\AssetManager\AssetHandlers\SceneManager</Filter>
    </ClCompile>
    <ClCompile Include="Src\SceneRegistry.cpp">
      <Filter>Engine\Scene\EntityComponentSystem\Registry\SceneRegistry</Filter>
    </ClCompile>
    <ClCompile Include="Src\TransformComponent.cpp">
      <Filter>Engine\Scene\EntityComponentSystem\Registry\ComponentManager\Components\TransformComponent</Filter>
    </ClCompile>
    <ClCompile Include="Src\EditorUI.cpp">
      <Filter>Editor\EditorUI</Filter>
    </ClCompile>
    <ClCompile Include="Src\HierarchyWindow.cpp">
      <Filter>Editor\EditorUI\HierarchyWindow</Filter>
    </ClCompile>
    <ClCompile Include="Src\ComponentInspectorWindow.cpp">
      <Filter>Editor\EditorUI\ComponentInspectorWindow</Filter>
    </ClCompile>
    <ClCompile Include="Src\SelectionManager.cpp">
      <Filter>Editor\EditorUI\SelectionManager</Filter>
    </ClCompile>
    <ClCompile Include="Src\MaterialComponent.cpp">
      <Filter>Engine\Scene\EntityComponentSystem\Registry\ComponentManager\Components\MaterialComponent</Filter>
    </ClCompile>
    <ClCompile Include="Src\MaterialCreator.cpp">
      <Filter>Editor\EditorUI\MaterialCreatorUI\MaterialCreator</Filter>
    </ClCompile>
    <ClCompile Include="Src\MaterialCreatorUI.cpp">
      <Filter>Editor\EditorUI\MaterialCreatorUI</Filter>
    </ClCompile>
    <ClCompile Include="Src\SettingsWindow.cpp">
      <Filter>Editor\EditorUI\SettingsWindow</Filter>
    </ClCompile>
    <ClCompile Include="Src\RenderNode.cpp">
      <Filter>Engine\EngineCore\RenderGraphSystem\RenderGraphManager\RenderGraph\RenderNode</Filter>
    </ClCompile>
    <ClCompile Include="Src\AttachmentFactory.cpp">
      <Filter>Engine\EngineCore\AttachmentManager\AttachmentFactory</Filter>
    </ClCompile>
    <ClCompile Include="Src\ProcessingContext.cpp">
      <Filter>Engine\RenderSystem\ProcessingContext</Filter>
    </ClCompile>
    <ClCompile Include="Src\ProcessingPipeline.cpp">
      <Filter>Engine\RenderSystem\ProcessingPipeline</Filter>
    </ClCompile>
    <ClCompile Include="Src\SynchronizationStages.cpp">
      <Filter>Engine\RenderSystem\ProcessingStages\SynchronizationStages</Filter>
    </ClCompile>
    <ClCompile Include="Src\MeshCullingStage.cpp">
      <Filter>Engine\RenderSystem\ProcessingStages\MeshCullingStage</Filter>
    </ClCompile>
    <ClCompile Include="Src\CameraProcessingStage.cpp">
      <Filter>Engine\RenderSystem\ProcessingStages\CameraProcessingStage</Filter>
    </ClCompile>
    <ClCompile Include="Src\RenderGraphManager.cpp">
      <Filter>Engine\EngineCore\RenderGraphSystem\RenderGraphManager</Filter>
    </ClCompile>
    <ClCompile Include="Src\RenderGraph.cpp">
      <Filter>Engine\EngineCore\RenderGraphSystem\RenderGraphManager\RenderGraph</Filter>
    </ClCompile>
    <ClCompile Include="Src\RenderPipelineAssignmentStage.cpp">
      <Filter>Engine\RenderSystem\ProcessingStages\RenderPipelineAssignmentStage</Filter>
    </ClCompile>
    <ClCompile Include="Src\Renderer.cpp">
      <Filter>Engine\EngineCore\Renderer</Filter>
    </ClCompile>
    <ClCompile Include="Src\MeshRenderer.cpp">
      <Filter>Engine\EngineCore\Renderer\MeshRenderer</Filter>
    </ClCompile>
    <ClCompile Include="Src\SemaphoreManager.cpp">
      <Filter>Engine\RenderSystem\SemaphoreManager</Filter>
    </ClCompile>
    <ClCompile Include="Src\DrawCall.cpp">
      <Filter>Engine\EngineCore\Renderer\GpuCalls\DrawCall</Filter>
    </ClCompile>
    <ClCompile Include="Src\RenderGraphExecutor.cpp">
      <Filter>Engine\EngineCore\RenderGraphSystem\RenderGraphExecutor</Filter>
    </ClCompile>
    <ClCompile Include="Src\RenderGraphTemplate.cpp">
      <Filter>Engine\EngineCore\RenderGraphSystem\RenderGraphManager\RenderGraph\RenderGraphTemplates</Filter>
    </ClCompile>
    <ClCompile Include="Src\RenderGraphBuilder.cpp">
      <Filter>Engine\EngineCore\RenderGraphSystem\RenderGraphManager\RenderGraph\RenderGraphBuilder</Filter>
    </ClCompile>
    <ClCompile Include="Src\RenderTarget.cpp">
      <Filter>Engine\EngineCore\RenderGraphSystem\RenderTarget</Filter>
    </ClCompile>
    <ClCompile Include="Src\CameraComponent.cpp">
      <Filter>Engine\Scene\EntityComponentSystem\Registry\ComponentManager\Components\CameraComponent</Filter>
    </ClCompile>
    <ClCompile Include="Src\RenderGraphTemplateManager.cpp">
      <Filter>Engine\AssetSystem\AssetManager\AssetHandlers\RenderGraphTemplateManager</Filter>
    </ClCompile>
    <ClCompile Include="Src\DearImGuiProvider.cpp">
      <Filter>Engine\EngineCore\RenderGraphSystem\RenderGraphExecutor\IImGuiProvider\DearImGuiProvider</Filter>
    </ClCompile>
    <ClCompile Include="Src\ComputeDispatcher.cpp">
      <Filter>Engine\EngineCore\Renderer\ComputeDispatcer</Filter>
    </ClCompile>
    <ClCompile Include="Src\DescriptorSetBuilder.cpp">
      <Filter>Engine\EngineCore\DescriptorSystem\DescriptorSetBuilder</Filter>
    </ClCompile>
    <ClCompile Include="Src\MaterialFactory.cpp">
      <Filter>Engine\AssetSystem\AssetManager\AssetHandlers\MaterialManager\MaterialFactory</Filter>
    </ClCompile>
  </ItemGroup>
  <ItemGroup>
    <ClInclude Include="Src\Prerequisites.h" />
    <ClInclude Include="Src\Engine.h">
      <Filter>Engine</Filter>
    </ClInclude>
    <ClInclude Include="Src\Window.h">
      <Filter>Engine\Window</Filter>
    </ClInclude>
    <ClInclude Include="Src\ThreadPool.h">
      <Filter>Engine\ThreadPool</Filter>
    </ClInclude>
    <ClInclude Include="Src\InputSystem.h">
      <Filter>Engine\InputSystem</Filter>
    </ClInclude>
    <ClInclude Include="Src\Buffer.h">
      <Filter>Engine\EngineCore\VramManager\AllocatedResource\Buffer</Filter>
    </ClInclude>
    <ClInclude Include="Src\Image.h">
      <Filter>Engine\EngineCore\VramManager\AllocatedResource\Image</Filter>
    </ClInclude>
    <ClInclude Include="Src\EngineCore.h">
      <Filter>Engine\EngineCore</Filter>
    </ClInclude>
    <ClInclude Include="Src\Scene.h">
      <Filter>Engine\Scene</Filter>
    </ClInclude>
    <ClInclude Include="Src\SwapChain.h">
      <Filter>Engine\EngineCore\SwapChain</Filter>
    </ClInclude>
    <ClInclude Include="Src\Instance.h">
      <Filter>Engine\EngineCore\VulkanContext\Instance</Filter>
    </ClInclude>
    <ClInclude Include="Src\Entity.h">
      <Filter>Engine\Scene\EntityComponentSystem</Filter>
    </ClInclude>
    <ClInclude Include="Src\MeshComponent.h">
      <Filter>Engine\Scene\EntityComponentSystem\Registry\ComponentManager\Components</Filter>
    </ClInclude>
    <ClInclude Include="Src\Component.h">
      <Filter>Engine\Scene\EntityComponentSystem</Filter>
    </ClInclude>
    <ClInclude Include="Src\Event.h">
      <Filter>Engine\Event</Filter>
    </ClInclude>
    <ClInclude Include="Src\System.h">
      <Filter>Engine\Scene\EntityComponentSystem</Filter>
    </ClInclude>
    <ClInclude Include="Src\MeshRenderSystem.h">
      <Filter>Engine\Scene\EntityComponentSystem\Registry\SystemManager\Systems\MeshRenderSystem</Filter>
    </ClInclude>
    <ClInclude Include="Src\LightComponent.h">
      <Filter>Engine\Scene\EntityComponentSystem\Registry\ComponentManager\Components</Filter>
    </ClInclude>
    <ClInclude Include="Src\CameraSystem.h">
      <Filter>Engine\Scene\EntityComponentSystem\Registry\SystemManager\Systems\CameraSystem</Filter>
    </ClInclude>
    <ClInclude Include="Src\LightSystem.h">
      <Filter>Engine\Scene\EntityComponentSystem\Registry\SystemManager\Systems\LightSystem</Filter>
    </ClInclude>
    <ClInclude Include="Src\AssetCollectionSystem.h">
      <Filter>Engine\Scene\EntityComponentSystem\Registry\SystemManager\Systems\AssetCollectionSystem</Filter>
    </ClInclude>
    <ClInclude Include="Src\Registry.h">
      <Filter>Engine\Scene\EntityComponentSystem\Registry</Filter>
    </ClInclude>
    <ClInclude Include="Src\SystemManager.h">
      <Filter>Engine\Scene\EntityComponentSystem\Registry\SystemManager</Filter>
    </ClInclude>
    <ClInclude Include="Src\CommandBuffer.h">
      <Filter>Engine\EngineCore\CommandBufferManager\CommandBuffer</Filter>
    </ClInclude>
    <ClInclude Include="Src\FrameManager.h">
      <Filter>Engine\EngineCore\FrameManager</Filter>
    </ClInclude>
    <ClInclude Include="Src\RenderPassManager.h">
      <Filter>Engine\EngineCore\RenderPassManager</Filter>
    </ClInclude>
    <ClInclude Include="Src\AssetLoader.h">
      <Filter>Engine\AssetSystem\AssetManager\AssetLoader</Filter>
    </ClInclude>
    <ClInclude Include="Src\AssetWatcher.h">
      <Filter>Editor\AssetWatcher</Filter>
    </ClInclude>
    <ClInclude Include="Src\AssetManager.h">
      <Filter>Engine\AssetSystem\AssetManager</Filter>
    </ClInclude>
    <ClInclude Include="Src\VramManager.h">
      <Filter>Engine\EngineCore\VramManager</Filter>
    </ClInclude>
    <ClInclude Include="Src\DebugMessenger.h">
      <Filter>Engine\EngineCore\VulkanContext\DebugMessenger</Filter>
    </ClInclude>
    <ClInclude Include="Src\CommandPool.h">
      <Filter>Engine\EngineCore\VulkanContext\CommandPool</Filter>
    </ClInclude>
    <ClInclude Include="Src\LogicalDevice.h">
      <Filter>Engine\EngineCore\VulkanContext\LogicalDevice</Filter>
    </ClInclude>
    <ClInclude Include="Src\PhysicalDevice.h">
      <Filter>Engine\EngineCore\VulkanContext\PhysicalDevice</Filter>
    </ClInclude>
    <ClInclude Include="Src\VulkanUtilities.h">
      <Filter>Engine\EngineCore\VulkanContext\VulkanUtilities</Filter>
    </ClInclude>
    <ClInclude Include="Src\VulkanContext.h">
      <Filter>Engine\EngineCore\VulkanContext</Filter>
    </ClInclude>
    <ClInclude Include="Src\Surface.h">
      <Filter>Engine\EngineCore\VulkanContext\Surface</Filter>
    </ClInclude>
    <ClInclude Include="Src\AssetHandle.h">
      <Filter>Engine\AssetSystem\AssetManager</Filter>
    </ClInclude>
    <ClInclude Include="Src\GraphicsTypes.h">
      <Filter>Engine\EngineCore\VramManager</Filter>
    </ClInclude>
    <ClInclude Include="Src\AllocatedResource.h">
      <Filter>Engine\EngineCore\VramManager\AllocatedResource</Filter>
    </ClInclude>
    <ClInclude Include="Src\AttachmentManager.h">
      <Filter>Engine\EngineCore\AttachmentManager</Filter>
    </ClInclude>
    <ClInclude Include="Src\FrameBufferManager.h">
      <Filter>Engine\EngineCore\FrameBufferManager</Filter>
    </ClInclude>
    <ClInclude Include="Src\Pipeline.h">
      <Filter>Engine\EngineCore\PipelineManager\Pipeline</Filter>
    </ClInclude>
    <ClInclude Include="Src\PipelineManager.h">
      <Filter>Engine\EngineCore\PipelineManager</Filter>
    </ClInclude>
    <ClInclude Include="Src\ShaderModule.h">
      <Filter>Engine\EngineCore\ShaderModuleManager\ShaderModule</Filter>
    </ClInclude>
    <ClInclude Include="Src\ShaderModuleManager.h">
      <Filter>Engine\EngineCore\ShaderModuleManager</Filter>
    </ClInclude>
    <ClInclude Include="Src\DescriptorAllocator.h">
      <Filter>Engine\EngineCore\DescriptorSystem\DescriptorAllocator</Filter>
    </ClInclude>
    <ClInclude Include="Src\DescriptorWriter.h">
      <Filter>Engine\EngineCore\DescriptorSystem\DescriptorWriter</Filter>
    </ClInclude>
    <ClInclude Include="Src\DescriptorLayoutBuilder.h">
      <Filter>Engine\EngineCore\DescriptorSystem\DescriptorLayoutManager\DescriptorLayoutBuilder</Filter>
    </ClInclude>
    <ClInclude Include="Src\DescriptorLayoutManager.h">
      <Filter>Engine\EngineCore\DescriptorSystem\DescriptorLayoutManager</Filter>
    </ClInclude>
    <ClInclude Include="Src\SynchronizationResourceManager.h">
      <Filter>Engine\EngineCore\SynchronizationResourceManager</Filter>
    </ClInclude>
    <ClInclude Include="Src\ImageSamplerManager.h">
      <Filter>Engine\EngineCore\ImageSamplerManager</Filter>
    </ClInclude>
    <ClInclude Include="Src\ImageSampler.h">
      <Filter>Engine\EngineCore\ImageSamplerManager\ImageSampler</Filter>
    </ClInclude>
    <ClInclude Include="Src\CommandBufferManager.h">
      <Filter>Engine\EngineCore\CommandBufferManager</Filter>
    </ClInclude>
    <ClInclude Include="Src\StagingBufferManager.h">
      <Filter>Engine\EngineCore\VramManager\StagingBufferManager</Filter>
    </ClInclude>
    <ClInclude Include="Src\Settings.h">
      <Filter>Engine\Settings</Filter>
    </ClInclude>
    <ClInclude Include="Src\Editor.h">
      <Filter>Editor</Filter>
    </ClInclude>
    <ClInclude Include="..\Libs\imgui\imconfig.h">
      <Filter>ImGui</Filter>
    </ClInclude>
    <ClInclude Include="..\Libs\imgui\imgui.h">
      <Filter>ImGui</Filter>
    </ClInclude>
    <ClInclude Include="..\Libs\imgui\imgui_impl_glfw.h">
      <Filter>ImGui</Filter>
    </ClInclude>
    <ClInclude Include="..\Libs\imgui\imgui_impl_vulkan.h">
      <Filter>ImGui</Filter>
    </ClInclude>
    <ClInclude Include="..\Libs\imgui\imgui_internal.h">
      <Filter>ImGui</Filter>
    </ClInclude>
    <ClInclude Include="..\Libs\imgui\imstb_rectpack.h">
      <Filter>ImGui</Filter>
    </ClInclude>
    <ClInclude Include="..\Libs\imgui\imstb_textedit.h">
      <Filter>ImGui</Filter>
    </ClInclude>
    <ClInclude Include="..\Libs\imgui\imstb_truetype.h">
      <Filter>ImGui</Filter>
    </ClInclude>
    <ClInclude Include="Src\Material.h">
      <Filter>Engine\AssetSystem\AssetManager\AssetHandlers\MaterialManager\Material</Filter>
    </ClInclude>
    <ClInclude Include="Src\MaterialManager.h">
      <Filter>Engine\AssetSystem\AssetManager\AssetHandlers\MaterialManager</Filter>
    </ClInclude>
    <ClInclude Include="Src\BufferManager.h">
      <Filter>Engine\EngineCore\BufferManager</Filter>
    </ClInclude>
    <ClInclude Include="Src\PipelineConfig.h">
      <Filter>Engine\EngineCore\PipelineManager\PipelineConfig</Filter>
    </ClInclude>
    <ClInclude Include="Src\PipelineLayoutManager.h">
      <Filter>Engine\EngineCore\PipelineManager\PipelineLayoutManager</Filter>
    </ClInclude>
    <ClInclude Include="Src\Paths.h" />
    <ClInclude Include="Src\ProcessingStage.h">
      <Filter>Engine\RenderSystem</Filter>
    </ClInclude>
    <ClInclude Include="Src\RenderSystem.h">
      <Filter>Engine\RenderSystem</Filter>
    </ClInclude>
    <ClInclude Include="Src\ImageSamplerUtils.h">
      <Filter>Engine\EngineCore\ImageSamplerManager</Filter>
    </ClInclude>
    <ClInclude Include="Src\UniformBufferStage.h">
      <Filter>Engine\RenderSystem\ProcessingStages\UniformBufferStage</Filter>
    </ClInclude>
    <ClInclude Include="Src\DescriptorSetStage.h">
      <Filter>Engine\RenderSystem\ProcessingStages\DescriptorSetStage</Filter>
    </ClInclude>
    <ClInclude Include="Src\PipelineAssignmentStage.h">
      <Filter>Engine\RenderSystem\ProcessingStages\PipelineAssignmentStage</Filter>
    </ClInclude>
    <ClInclude Include="Src\MeshManager.h">
      <Filter>Engine\AssetSystem\AssetManager\AssetHandlers\MeshManager</Filter>
    </ClInclude>
    <ClInclude Include="Src\Mesh.h">
      <Filter>Engine\AssetSystem\AssetManager\AssetHandlers\MeshManager</Filter>
    </ClInclude>
    <ClInclude Include="Src\RenderStage.h">
      <Filter>Engine\RenderSystem\ProcessingStages\RenderStage</Filter>
    </ClInclude>
    <ClInclude Include="Src\TransferManager.h">
      <Filter>Engine\EngineCore\VramManager\TransferManager</Filter>
    </ClInclude>
    <ClInclude Include="Src\ScriptComponent.h">
      <Filter>Engine\Scene\EntityComponentSystem\Registry\ComponentManager\Components</Filter>
    </ClInclude>
    <ClInclude Include="Src\ScriptSystem.h">
      <Filter>Engine\Scene\EntityComponentSystem\Registry\SystemManager\Systems\ScriptSystem</Filter>
    </ClInclude>
    <ClInclude Include="Src\LuaBindings.h">
      <Filter>Engine\Scene\EntityComponentSystem\Registry\SystemManager\Systems\ScriptSystem\LuaBindings</Filter>
    </ClInclude>
    <ClInclude Include="Src\LuaBindingsCoreTypes.h">
      <Filter>Engine\Scene\EntityComponentSystem\Registry\SystemManager\Systems\ScriptSystem\LuaBindings\CoreTypes</Filter>
    </ClInclude>
    <ClInclude Include="Src\LuaBindingsEngine.h">
      <Filter>Engine\Scene\EntityComponentSystem\Registry\SystemManager\Systems\ScriptSystem\LuaBindings\Engine</Filter>
    </ClInclude>
    <ClInclude Include="Src\LuaBindingsInput.h">
      <Filter>Engine\Scene\EntityComponentSystem\Registry\SystemManager\Systems\ScriptSystem\LuaBindings\Input</Filter>
    </ClInclude>
    <ClInclude Include="Src\LuaBindingsComponents.h">
      <Filter>Engine\Scene\EntityComponentSystem\Registry\SystemManager\Systems\ScriptSystem\LuaBindings\Components</Filter>
    </ClInclude>
    <ClInclude Include="Src\LuaBindingsSpdlog.h">
      <Filter>Engine\Scene\EntityComponentSystem\Registry\SystemManager\Systems\ScriptSystem\LuaBindings\Spdlog</Filter>
    </ClInclude>
    <ClInclude Include="Src\LuaBindingsRegistry.h">
      <Filter>Engine\Scene\EntityComponentSystem\Registry\SystemManager\Systems\ScriptSystem\LuaBindings\Registry</Filter>
    </ClInclude>
    <ClInclude Include="Src\LoggerManager.h">
      <Filter>Engine\LoggerManager</Filter>
    </ClInclude>
    <ClInclude Include="Src\TextureManager.h">
      <Filter>Engine\AssetSystem\AssetManager\AssetHandlers\TextureManager</Filter>
    </ClInclude>
    <ClInclude Include="Src\AssetResolutionStage.h">
      <Filter>Engine\RenderSystem\ProcessingStages\AssetResolutionStage</Filter>
    </ClInclude>
    <ClInclude Include="Src\IAssetHandler.h">
      <Filter>Engine\AssetSystem\AssetManager\AssetHandlers</Filter>
    </ClInclude>
    <ClInclude Include="Src\ShaderManager.h">
      <Filter>Engine\AssetSystem\AssetManager\AssetHandlers\ShaderManager</Filter>
    </ClInclude>
    <ClInclude Include="Src\AssetSystem.h">
      <Filter>Engine\AssetSystem</Filter>
    </ClInclude>
    <ClInclude Include="Src\ISmartHandleManager.h">
      <Filter>Engine\ResourceManager</Filter>
    </ClInclude>
    <ClInclude Include="Src\Handle.h">
      <Filter>Engine\ResourceManager</Filter>
    </ClInclude>
    <ClInclude Include="Src\IResourceManager.h">
      <Filter>Engine\ResourceManager</Filter>
    </ClInclude>
    <ClInclude Include="Src\SystemsRegistry.h">
      <Filter>Engine\Scene\EntityComponentSystem\Registry\SystemManager</Filter>
    </ClInclude>
    <ClInclude Include="Src\EntityManager.h">
      <Filter>Engine\Scene\EntityComponentSystem\Registry\EntityManager</Filter>
    </ClInclude>
    <ClInclude Include="Src\ISerializable.h">
      <Filter>Engine\Scene\Serialization</Filter>
    </ClInclude>
    <ClInclude Include="Src\BinaryWriter.h">
      <Filter>Engine\Scene\Serialization</Filter>
    </ClInclude>
    <ClInclude Include="Src\ComponentsRegistry.h">
      <Filter>Engine\Scene\EntityComponentSystem\Registry\ComponentManager</Filter>
    </ClInclude>
    <ClInclude Include="Src\ComponentManager.h">
      <Filter>Engine\Scene\EntityComponentSystem\Registry\ComponentManager</Filter>
    </ClInclude>
    <ClInclude Include="Src\PrefabManager.h">
      <Filter>Engine\AssetSystem\AssetManager\AssetHandlers\PrefabManager</Filter>
    </ClInclude>
    <ClInclude Include="Src\PrefabInstanceManager.h">
      <Filter>Engine\Scene\EntityComponentSystem\Registry\PrefabInstaceManager</Filter>
    </ClInclude>
    <ClInclude Include="Src\SceneManager.h">
      <Filter>Engine\AssetSystem\AssetManager\AssetHandlers\SceneManager</Filter>
    </ClInclude>
    <ClInclude Include="Src\SceneRegistry.h">
      <Filter>Engine\Scene\EntityComponentSystem\Registry\SceneRegistry</Filter>
    </ClInclude>
    <ClInclude Include="Src\TransformComponent.h">
      <Filter>Engine\Scene\EntityComponentSystem\Registry\ComponentManager\Components\TransformComponent</Filter>
    </ClInclude>
    <ClInclude Include="Src\EditorUI.h">
      <Filter>Editor\EditorUI</Filter>
    </ClInclude>
    <ClInclude Include="Src\HierarchyWindow.h">
      <Filter>Editor\EditorUI\HierarchyWindow</Filter>
    </ClInclude>
    <ClInclude Include="Src\ComponentInspectorWindow.h">
      <Filter>Editor\EditorUI\ComponentInspectorWindow</Filter>
    </ClInclude>
    <ClInclude Include="Src\SelectionManager.h">
      <Filter>Editor\EditorUI\SelectionManager</Filter>
    </ClInclude>
    <ClInclude Include="Src\MaterialComponent.h">
      <Filter>Engine\Scene\EntityComponentSystem\Registry\ComponentManager\Components\MaterialComponent</Filter>
    </ClInclude>
    <ClInclude Include="Src\MaterialCreator.h">
      <Filter>Editor\EditorUI\MaterialCreatorUI\MaterialCreator</Filter>
    </ClInclude>
    <ClInclude Include="Src\MaterialCreatorUI.h">
      <Filter>Editor\EditorUI\MaterialCreatorUI</Filter>
    </ClInclude>
    <ClInclude Include="Src\SettingsWindow.h">
      <Filter>Editor\EditorUI\SettingsWindow</Filter>
    </ClInclude>
    <ClInclude Include="Src\RenderNode.h">
      <Filter>Engine\EngineCore\RenderGraphSystem\RenderGraphManager\RenderGraph\RenderNode</Filter>
    </ClInclude>
    <ClInclude Include="Src\AttachmentFactory.h">
      <Filter>Engine\EngineCore\AttachmentManager\AttachmentFactory</Filter>
    </ClInclude>
    <ClInclude Include="Src\RenderOrder.h">
      <Filter>Engine\RenderSystem\RenderOrder</Filter>
    </ClInclude>
    <ClInclude Include="Src\CameraRenderOrder.h">
      <Filter>Engine\RenderSystem\RenderOrder\RenderOrders</Filter>
    </ClInclude>
    <ClInclude Include="Src\LightRenderOrder.h">
      <Filter>Engine\RenderSystem\RenderOrder\RenderOrders</Filter>
    </ClInclude>
    <ClInclude Include="Src\MeshRenderOrder.h">
      <Filter>Engine\RenderSystem\RenderOrder\RenderOrders\MeshRenderOrder</Filter>
    </ClInclude>
    <ClInclude Include="Src\ProcessingContext.h">
      <Filter>Engine\RenderSystem\ProcessingContext</Filter>
    </ClInclude>
    <ClInclude Include="Src\ProcessingPipeline.h">
      <Filter>Engine\RenderSystem\ProcessingPipeline</Filter>
    </ClInclude>
    <ClInclude Include="Src\SynchronizationStages.h">
      <Filter>Engine\RenderSystem\ProcessingStages\SynchronizationStages</Filter>
    </ClInclude>
    <ClInclude Include="Src\LightStorageStage.h">
      <Filter>Engine\RenderSystem\ProcessingStages</Filter>
    </ClInclude>
    <ClInclude Include="Src\MeshStorageStage.h">
      <Filter>Engine\RenderSystem\ProcessingStages</Filter>
    </ClInclude>
    <ClInclude Include="Src\MeshCullingStage.h">
      <Filter>Engine\RenderSystem\ProcessingStages\MeshCullingStage</Filter>
    </ClInclude>
    <ClInclude Include="Src\CameraProcessingStage.h">
      <Filter>Engine\RenderSystem\ProcessingStages\CameraProcessingStage</Filter>
    </ClInclude>
    <ClInclude Include="Src\RenderGraphManager.h">
      <Filter>Engine\EngineCore\RenderGraphSystem\RenderGraphManager</Filter>
    </ClInclude>
    <ClInclude Include="Src\RenderGraphTemplate.h">
      <Filter>Engine\EngineCore\RenderGraphSystem\RenderGraphManager\RenderGraph\RenderGraphTemplates</Filter>
    </ClInclude>
    <ClInclude Include="Src\RenderGraph.h">
      <Filter>Engine\EngineCore\RenderGraphSystem\RenderGraphManager\RenderGraph</Filter>
    </ClInclude>
    <ClInclude Include="Src\RenderPipelineAssignmentStage.h">
      <Filter>Engine\RenderSystem\ProcessingStages\RenderPipelineAssignmentStage</Filter>
    </ClInclude>
    <ClInclude Include="Src\Renderer.h">
      <Filter>Engine\EngineCore\Renderer</Filter>
    </ClInclude>
    <ClInclude Include="Src\MeshRenderer.h">
      <Filter>Engine\EngineCore\Renderer\MeshRenderer</Filter>
    </ClInclude>
    <ClInclude Include="Src\SemaphoreManager.h">
      <Filter>Engine\RenderSystem\SemaphoreManager</Filter>
    </ClInclude>
    <ClInclude Include="Src\GpuCall.h">
      <Filter>Engine\EngineCore\Renderer\GpuCalls</Filter>
    </ClInclude>
    <ClInclude Include="Src\DrawCall.h">
      <Filter>Engine\EngineCore\Renderer\GpuCalls\DrawCall</Filter>
    </ClInclude>
    <ClInclude Include="Src\RenderGraphExecutor.h">
      <Filter>Engine\EngineCore\RenderGraphSystem\RenderGraphExecutor</Filter>
    </ClInclude>
    <ClInclude Include="Src\GpuCallTypes.h">
      <Filter>Engine\EngineCore\Renderer\GpuCalls</Filter>
    </ClInclude>
    <ClInclude Include="Src\RenderNodeTemplate.h">
      <Filter>Engine\EngineCore\RenderGraphSystem\RenderGraphManager\RenderGraph\RenderNode</Filter>
    </ClInclude>
    <ClInclude Include="Src\RenderGraphBuilder.h">
      <Filter>Engine\EngineCore\RenderGraphSystem\RenderGraphManager\RenderGraph\RenderGraphBuilder</Filter>
    </ClInclude>
    <ClInclude Include="Src\BuiltinGraphTemplates.h">
      <Filter>Engine\EngineCore\RenderGraphSystem\RenderGraphManager\RenderGraph</Filter>
    </ClInclude>
    <ClInclude Include="Src\RenderTarget.h">
      <Filter>Engine\EngineCore\RenderGraphSystem\RenderTarget</Filter>
    </ClInclude>
    <ClInclude Include="Src\CameraComponent.h">
      <Filter>Engine\Scene\EntityComponentSystem\Registry\ComponentManager\Components\CameraComponent</Filter>
    </ClInclude>
    <ClInclude Include="Src\RenderGraphSerialization.h">
      <Filter>Engine\EngineCore\RenderGraphSystem\RenderGraphManager\RenderGraph\RenderGraphTemplates</Filter>
    </ClInclude>
    <ClInclude Include="Src\RenderGraphTemplateManager.h">
      <Filter>Engine\AssetSystem\AssetManager\AssetHandlers\RenderGraphTemplateManager</Filter>
    </ClInclude>
    <ClInclude Include="Src\IImGuiProvider.h">
      <Filter>Engine\EngineCore\RenderGraphSystem\RenderGraphExecutor\IImGuiProvider</Filter>
    </ClInclude>
    <ClInclude Include="Src\DearImGuiProvider.h">
      <Filter>Engine\EngineCore\RenderGraphSystem\RenderGraphExecutor\IImGuiProvider\DearImGuiProvider</Filter>
    </ClInclude>
    <ClInclude Include="Src\ComputeDispatcher.h">
      <Filter>Engine\EngineCore\Renderer\ComputeDispatcer</Filter>
    </ClInclude>
    <ClInclude Include="Src\DescriptorSetBuilder.h">
      <Filter>Engine\EngineCore\DescriptorSystem\DescriptorSetBuilder</Filter>
    </ClInclude>
    <ClInclude Include="Src\MaterialFactory.h">
      <Filter>Engine\AssetSystem\AssetManager\AssetHandlers\MaterialManager\MaterialFactory</Filter>
    </ClInclude>
  </ItemGroup>
  <ItemGroup>
    <None Include="..\Libs\imgui\.gitattributes">
      <Filter>ImGui</Filter>
    </None>
    <None Include="..\Libs\imgui\.gitignore">
      <Filter>ImGui</Filter>
    </None>
  </ItemGroup>
  <ItemGroup>
    <Filter Include="ImGui">
      <UniqueIdentifier>{c287c720-0123-4799-83c7-c8be99fd1baa}</UniqueIdentifier>
    </Filter>
    <Filter Include="Editor">
      <UniqueIdentifier>{6bfc6bae-d3dd-4384-8856-95009cdd0b7a}</UniqueIdentifier>
    </Filter>
    <Filter Include="Editor\AssetWatcher">
      <UniqueIdentifier>{fdd8f1ff-1902-4177-9991-c6d7939f13c2}</UniqueIdentifier>
    </Filter>
    <Filter Include="Engine">
      <UniqueIdentifier>{29abc8b0-f6b3-4e60-a43c-055ee93226a4}</UniqueIdentifier>
    </Filter>
    <Filter Include="Engine\Scene">
      <UniqueIdentifier>{b9c80830-174d-4134-9443-31b7bc6e17b2}</UniqueIdentifier>
    </Filter>
    <Filter Include="Engine\Scene\EntityComponentSystem">
      <UniqueIdentifier>{d792f886-11a8-44bc-bfd2-f641cf6090dc}</UniqueIdentifier>
    </Filter>
    <Filter Include="Engine\Scene\EntityComponentSystem\Registry">
      <UniqueIdentifier>{9dd751ea-fc9d-4ea4-9d37-90f3ac6c7643}</UniqueIdentifier>
    </Filter>
    <Filter Include="Engine\InputSystem">
      <UniqueIdentifier>{7217a741-b806-438c-b4ce-f62c51bc381b}</UniqueIdentifier>
    </Filter>
    <Filter Include="Engine\ThreadPool">
      <UniqueIdentifier>{26fc1fee-33e2-4a98-8483-2f912a8fa1bd}</UniqueIdentifier>
    </Filter>
    <Filter Include="Engine\Window">
      <UniqueIdentifier>{71b4fcbb-7907-44e5-aad6-a43a9e685b14}</UniqueIdentifier>
    </Filter>
    <Filter Include="Engine\AssetSystem">
      <UniqueIdentifier>{9dad779f-c978-430b-be25-6b7a16421894}</UniqueIdentifier>
    </Filter>
    <Filter Include="Engine\AssetSystem\AssetManager">
      <UniqueIdentifier>{57be4f00-911f-4f96-aa06-2db43991540f}</UniqueIdentifier>
    </Filter>
    <Filter Include="Engine\AssetSystem\AssetManager\AssetLoader">
      <UniqueIdentifier>{eea8e933-555d-47b1-b49e-d91d6ebe8987}</UniqueIdentifier>
    </Filter>
    <Filter Include="Engine\Event">
      <UniqueIdentifier>{4a493ca9-2131-438c-be38-63be9f118f53}</UniqueIdentifier>
    </Filter>
    <Filter Include="Engine\Settings">
      <UniqueIdentifier>{44729301-b6f0-4f28-9279-57fd9a1e2b28}</UniqueIdentifier>
    </Filter>
    <Filter Include="Engine\RenderSystem">
      <UniqueIdentifier>{37c1d1a0-17bc-4ca7-8018-e94d912ebafa}</UniqueIdentifier>
    </Filter>
    <Filter Include="Engine\RenderSystem\ProcessingStages">
      <UniqueIdentifier>{df8d2959-8698-4574-b49d-84d78957da88}</UniqueIdentifier>
    </Filter>
    <Filter Include="Engine\RenderSystem\ProcessingStages\UniformBufferStage">
      <UniqueIdentifier>{c32b13b8-ee30-4ce9-85e1-b193a41c7d58}</UniqueIdentifier>
    </Filter>
    <Filter Include="Engine\RenderSystem\ProcessingStages\DescriptorSetStage">
      <UniqueIdentifier>{714cd07e-72fc-47ec-a370-f9fab97fc34c}</UniqueIdentifier>
    </Filter>
    <Filter Include="Engine\RenderSystem\ProcessingStages\PipelineAssignmentStage">
      <UniqueIdentifier>{e1bd4975-38e0-4411-81ce-725805ea8af8}</UniqueIdentifier>
    </Filter>
    <Filter Include="Engine\RenderSystem\ProcessingStages\RenderStage">
      <UniqueIdentifier>{99aaa877-e779-48c1-a547-ee837d07b171}</UniqueIdentifier>
    </Filter>
    <Filter Include="Engine\RenderSystem\ProcessingStages\AssetResolutionStage">
      <UniqueIdentifier>{ea5bd055-c6ad-452c-bf30-11a8877845d3}</UniqueIdentifier>
    </Filter>
    <Filter Include="Engine\AssetSystem\AssetManager\AssetHandlers">
      <UniqueIdentifier>{f892f428-0955-44aa-9422-e52d53d5c1bc}</UniqueIdentifier>
    </Filter>
    <Filter Include="Engine\AssetSystem\AssetManager\AssetHandlers\MeshManager">
      <UniqueIdentifier>{5fb181cf-8c87-4674-a810-939b4b38ad82}</UniqueIdentifier>
    </Filter>
    <Filter Include="Engine\AssetSystem\AssetManager\AssetHandlers\MaterialManager">
      <UniqueIdentifier>{0b9ca18a-a4bb-43a9-92ce-87a7777a0c61}</UniqueIdentifier>
    </Filter>
    <Filter Include="Engine\AssetSystem\AssetManager\AssetHandlers\MaterialManager\Material">
      <UniqueIdentifier>{c9815ef4-15ce-4b11-bbea-1f3dba77ede4}</UniqueIdentifier>
    </Filter>
    <Filter Include="Engine\AssetSystem\AssetManager\AssetHandlers\TextureManager">
      <UniqueIdentifier>{6c158321-f629-42c8-9575-11a75750bbb3}</UniqueIdentifier>
    </Filter>
    <Filter Include="Engine\AssetSystem\AssetManager\AssetHandlers\ShaderManager">
      <UniqueIdentifier>{106800e0-480b-4b59-aa29-5a04e36f4ca0}</UniqueIdentifier>
    </Filter>
    <Filter Include="Engine\ResourceManager">
      <UniqueIdentifier>{5587388f-a680-462a-a8b3-96c6b546d75f}</UniqueIdentifier>
    </Filter>
    <Filter Include="Engine\Scene\EntityComponentSystem\Registry\SystemManager">
      <UniqueIdentifier>{00244a5c-cf3d-4cb5-8d66-2e2259246f24}</UniqueIdentifier>
    </Filter>
    <Filter Include="Engine\Scene\EntityComponentSystem\Registry\SystemManager\Systems">
      <UniqueIdentifier>{bf9bdb94-bee9-489f-836a-17eff07da601}</UniqueIdentifier>
    </Filter>
    <Filter Include="Engine\Scene\EntityComponentSystem\Registry\SystemManager\Systems\CameraSystem">
      <UniqueIdentifier>{615ce892-5cd4-4643-8bc5-ad3ec6fc3d5c}</UniqueIdentifier>
    </Filter>
    <Filter Include="Engine\Scene\EntityComponentSystem\Registry\SystemManager\Systems\LightSystem">
      <UniqueIdentifier>{f5cbb278-19a1-49af-8267-0c6fdc9f8a7f}</UniqueIdentifier>
    </Filter>
    <Filter Include="Engine\Scene\EntityComponentSystem\Registry\SystemManager\Systems\AssetCollectionSystem">
      <UniqueIdentifier>{b69263c2-8b4c-4fcb-a2e0-12895493a87c}</UniqueIdentifier>
    </Filter>
    <Filter Include="Engine\Scene\EntityComponentSystem\Registry\SystemManager\Systems\MeshRenderSystem">
      <UniqueIdentifier>{7dee0d0c-ee75-4b87-83e2-e063d2ac82f5}</UniqueIdentifier>
    </Filter>
    <Filter Include="Engine\Scene\EntityComponentSystem\Registry\SystemManager\Systems\ScriptSystem">
      <UniqueIdentifier>{f03b593c-7de7-4683-a8cf-8a42b780f250}</UniqueIdentifier>
    </Filter>
    <Filter Include="Engine\Scene\EntityComponentSystem\Registry\SystemManager\Systems\ScriptSystem\LuaBindings">
      <UniqueIdentifier>{a791418c-dd51-4ea1-bcd9-b214a0ea783c}</UniqueIdentifier>
    </Filter>
    <Filter Include="Engine\Scene\EntityComponentSystem\Registry\SystemManager\Systems\ScriptSystem\LuaBindings\Components">
      <UniqueIdentifier>{968fa1ec-2465-49f7-b76d-0d901554a9c0}</UniqueIdentifier>
    </Filter>
    <Filter Include="Engine\Scene\EntityComponentSystem\Registry\SystemManager\Systems\ScriptSystem\LuaBindings\CoreTypes">
      <UniqueIdentifier>{3abb219b-1d8f-46f7-b56e-3dc662a230b3}</UniqueIdentifier>
    </Filter>
    <Filter Include="Engine\Scene\EntityComponentSystem\Registry\SystemManager\Systems\ScriptSystem\LuaBindings\Engine">
      <UniqueIdentifier>{6e05749f-da33-441f-926b-d2f5551f236d}</UniqueIdentifier>
    </Filter>
    <Filter Include="Engine\Scene\EntityComponentSystem\Registry\SystemManager\Systems\ScriptSystem\LuaBindings\Input">
      <UniqueIdentifier>{da3b54be-4c3f-44da-894c-b4cf6e044b6b}</UniqueIdentifier>
    </Filter>
    <Filter Include="Engine\Scene\EntityComponentSystem\Registry\SystemManager\Systems\ScriptSystem\LuaBindings\Spdlog">
      <UniqueIdentifier>{d51e10a7-dfff-4c35-822b-37345ba8749e}</UniqueIdentifier>
    </Filter>
    <Filter Include="Engine\Scene\EntityComponentSystem\Registry\SystemManager\Systems\ScriptSystem\LuaBindings\Registry">
      <UniqueIdentifier>{e9f7c427-a2af-42a4-99ff-61a07eb3db69}</UniqueIdentifier>
    </Filter>
    <Filter Include="Engine\Scene\Serialization">
      <UniqueIdentifier>{031d59d5-7256-4ba5-8dbb-8b3263d0bfcc}</UniqueIdentifier>
    </Filter>
    <Filter Include="Engine\Scene\EntityComponentSystem\Registry\ComponentManager">
      <UniqueIdentifier>{6586adb2-48b9-4248-8deb-f7f1d3c84454}</UniqueIdentifier>
    </Filter>
    <Filter Include="Engine\Scene\EntityComponentSystem\Registry\ComponentManager\Components">
      <UniqueIdentifier>{2900095d-4825-4e4e-b4a6-58e3786e0c9e}</UniqueIdentifier>
    </Filter>
    <Filter Include="Engine\AssetSystem\AssetManager\AssetHandlers\PrefabManager">
      <UniqueIdentifier>{4527cd69-2b16-4101-b77e-a3a3c54b8b7b}</UniqueIdentifier>
    </Filter>
    <Filter Include="Engine\Scene\EntityComponentSystem\Registry\PrefabInstaceManager">
      <UniqueIdentifier>{074b3130-13df-4ef7-ab03-71399ae27f6a}</UniqueIdentifier>
    </Filter>
    <Filter Include="Engine\AssetSystem\AssetManager\AssetHandlers\SceneManager">
      <UniqueIdentifier>{75a3a772-8db5-4f42-994e-cfee70ff039a}</UniqueIdentifier>
    </Filter>
    <Filter Include="Engine\Scene\EntityComponentSystem\Registry\SceneRegistry">
      <UniqueIdentifier>{aac6c32e-3dd6-4953-98c4-a9470d46f5d7}</UniqueIdentifier>
    </Filter>
    <Filter Include="Engine\Scene\EntityComponentSystem\Registry\EntityManager">
      <UniqueIdentifier>{825eb168-d74d-4e94-9f6c-251588b1a9b4}</UniqueIdentifier>
    </Filter>
    <Filter Include="Engine\Scene\EntityComponentSystem\Registry\ComponentManager\Components\TransformComponent">
      <UniqueIdentifier>{21cc2400-9f18-40be-b258-8966508d7727}</UniqueIdentifier>
    </Filter>
    <Filter Include="Editor\EditorUI">
      <UniqueIdentifier>{d37dc8c6-0257-428c-80e1-d4ded56dcd60}</UniqueIdentifier>
    </Filter>
    <Filter Include="Editor\EditorUI\HierarchyWindow">
      <UniqueIdentifier>{ce243cde-3751-4f62-8030-bbe69e2de340}</UniqueIdentifier>
    </Filter>
    <Filter Include="Editor\EditorUI\ComponentInspectorWindow">
      <UniqueIdentifier>{59210806-0c4c-4e3a-bd35-f61766b4c9b5}</UniqueIdentifier>
    </Filter>
    <Filter Include="Editor\EditorUI\SelectionManager">
      <UniqueIdentifier>{e0781f3a-7efa-4d5d-84fc-33d4ea6c47bd}</UniqueIdentifier>
    </Filter>
    <Filter Include="Engine\Scene\EntityComponentSystem\Registry\ComponentManager\Components\MaterialComponent">
      <UniqueIdentifier>{6be0774a-79ba-4238-8c44-358beae081f8}</UniqueIdentifier>
    </Filter>
    <Filter Include="Engine\LoggerManager">
      <UniqueIdentifier>{f7084a8b-d68e-4686-8bc2-7c3b39c53870}</UniqueIdentifier>
    </Filter>
    <Filter Include="Editor\EditorUI\MaterialCreatorUI">
      <UniqueIdentifier>{cfc42cab-5e4a-4381-ae0c-135355c62636}</UniqueIdentifier>
    </Filter>
    <Filter Include="Editor\EditorUI\MaterialCreatorUI\MaterialCreator">
      <UniqueIdentifier>{a7664f0a-2048-464f-9dfc-881b5a1ff7bd}</UniqueIdentifier>
    </Filter>
    <Filter Include="Editor\EditorUI\SettingsWindow">
      <UniqueIdentifier>{f98a6b91-a335-4e86-9ade-5a53fbc03c22}</UniqueIdentifier>
    </Filter>
    <Filter Include="Engine\RenderSystem\RenderOrder">
      <UniqueIdentifier>{6036f410-da6d-4d9a-83ca-7c1fa237f71a}</UniqueIdentifier>
    </Filter>
    <Filter Include="Engine\RenderSystem\RenderOrder\RenderOrders">
      <UniqueIdentifier>{c541bbbe-c257-4ad5-b80f-29e1971fcf18}</UniqueIdentifier>
    </Filter>
    <Filter Include="Engine\RenderSystem\RenderOrder\RenderOrders\MeshRenderOrder">
      <UniqueIdentifier>{1d312278-ed2b-4f48-8423-ae2f7826ba96}</UniqueIdentifier>
    </Filter>
    <Filter Include="Engine\RenderSystem\ProcessingContext">
      <UniqueIdentifier>{71b407de-17c7-4c14-b5d9-bf427c590135}</UniqueIdentifier>
    </Filter>
    <Filter Include="Engine\RenderSystem\ProcessingPipeline">
      <UniqueIdentifier>{cf564e8f-b758-4bf1-83b5-21c930f4dc26}</UniqueIdentifier>
    </Filter>
    <Filter Include="Engine\RenderSystem\ProcessingStages\SynchronizationStages">
      <UniqueIdentifier>{6209fe51-b8a6-4061-8aff-62442492e835}</UniqueIdentifier>
    </Filter>
    <Filter Include="Engine\RenderSystem\ProcessingStages\CameraProcessingStage">
      <UniqueIdentifier>{fdda5d1a-5be7-4893-8089-cb984788ecd2}</UniqueIdentifier>
    </Filter>
    <Filter Include="Engine\RenderSystem\ProcessingStages\MeshCullingStage">
      <UniqueIdentifier>{d73ffedf-1894-4fc0-8ced-6060e8d31d06}</UniqueIdentifier>
    </Filter>
    <Filter Include="Engine\EngineCore">
      <UniqueIdentifier>{b79260e3-062a-4728-84f2-9c64cf576825}</UniqueIdentifier>
    </Filter>
    <Filter Include="Engine\EngineCore\FrameManager">
      <UniqueIdentifier>{0067b0cd-64a4-42d9-8b2b-0a25936a1ffd}</UniqueIdentifier>
    </Filter>
    <Filter Include="Engine\EngineCore\VramManager">
      <UniqueIdentifier>{082bd51d-8acb-4b76-bae8-333da768f666}</UniqueIdentifier>
    </Filter>
    <Filter Include="Engine\EngineCore\VramManager\AllocatedResource">
      <UniqueIdentifier>{f1cea55a-69e4-42ce-a5f5-fd7c8c6306f7}</UniqueIdentifier>
    </Filter>
    <Filter Include="Engine\EngineCore\VramManager\AllocatedResource\Image">
      <UniqueIdentifier>{3a3430b4-4efd-4523-a0e9-917935898179}</UniqueIdentifier>
    </Filter>
    <Filter Include="Engine\EngineCore\VramManager\AllocatedResource\Buffer">
      <UniqueIdentifier>{e228bf09-f249-420b-a12e-cf9d6bd631fe}</UniqueIdentifier>
    </Filter>
    <Filter Include="Engine\EngineCore\VramManager\StagingBufferManager">
      <UniqueIdentifier>{dfe72a4e-6a52-4d7e-988e-279d5e218df1}</UniqueIdentifier>
    </Filter>
    <Filter Include="Engine\EngineCore\VramManager\TransferManager">
      <UniqueIdentifier>{6423c72c-d74d-44a4-884e-81e849d45c75}</UniqueIdentifier>
    </Filter>
    <Filter Include="Engine\EngineCore\VulkanContext">
      <UniqueIdentifier>{e57cc994-619d-4a0a-a1d1-38cc8e9544ab}</UniqueIdentifier>
    </Filter>
    <Filter Include="Engine\EngineCore\VulkanContext\Instance">
      <UniqueIdentifier>{65e632e9-2abf-4ffb-bfb8-8b06beabb7fe}</UniqueIdentifier>
    </Filter>
    <Filter Include="Engine\EngineCore\VulkanContext\LogicalDevice">
      <UniqueIdentifier>{0889c65b-24da-4e28-b1de-8610367b9fca}</UniqueIdentifier>
    </Filter>
    <Filter Include="Engine\EngineCore\VulkanContext\PhysicalDevice">
      <UniqueIdentifier>{10b29c9a-c71d-4a8b-8a1b-15948ef34ad8}</UniqueIdentifier>
    </Filter>
    <Filter Include="Engine\EngineCore\VulkanContext\CommandPool">
      <UniqueIdentifier>{43085a5c-c954-48c7-9046-b004b6ee43c3}</UniqueIdentifier>
    </Filter>
    <Filter Include="Engine\EngineCore\VulkanContext\VulkanUtilities">
      <UniqueIdentifier>{12320106-0ceb-4438-a698-4ee4c1ca945c}</UniqueIdentifier>
    </Filter>
    <Filter Include="Engine\EngineCore\VulkanContext\Surface">
      <UniqueIdentifier>{059b9d99-993c-477f-9156-075d8f5d8b3f}</UniqueIdentifier>
    </Filter>
    <Filter Include="Engine\EngineCore\VulkanContext\DebugMessenger">
      <UniqueIdentifier>{2b2cdc98-f07e-45cc-a1ce-28ab2d93e640}</UniqueIdentifier>
    </Filter>
    <Filter Include="Engine\EngineCore\SynchronizationResourceManager">
      <UniqueIdentifier>{e87da695-7a96-4681-84a2-1205a4a03d08}</UniqueIdentifier>
    </Filter>
    <Filter Include="Engine\EngineCore\AttachmentManager">
      <UniqueIdentifier>{02a1dbdc-d8dc-4cce-a523-ebc19073d56b}</UniqueIdentifier>
    </Filter>
    <Filter Include="Engine\EngineCore\AttachmentManager\AttachmentFactory">
      <UniqueIdentifier>{9b51e9c3-49f9-4d22-91d7-ad1684bf2c58}</UniqueIdentifier>
    </Filter>
    <Filter Include="Engine\EngineCore\FrameBufferManager">
      <UniqueIdentifier>{5dd61040-8ad2-43a0-b4c9-d2bb910495cd}</UniqueIdentifier>
    </Filter>
    <Filter Include="Engine\EngineCore\PipelineManager">
      <UniqueIdentifier>{3305a6c6-4e4f-490f-a302-875b4ca473f1}</UniqueIdentifier>
    </Filter>
    <Filter Include="Engine\EngineCore\PipelineManager\Pipeline">
      <UniqueIdentifier>{49055de0-52f5-47d8-8772-142e65a47245}</UniqueIdentifier>
    </Filter>
    <Filter Include="Engine\EngineCore\PipelineManager\PipelineConfig">
      <UniqueIdentifier>{ff06bd8c-aafe-42b5-ab1d-43433f146e62}</UniqueIdentifier>
    </Filter>
    <Filter Include="Engine\EngineCore\PipelineManager\PipelineLayoutManager">
      <UniqueIdentifier>{54e58653-20b1-4091-88df-3a5f72b98035}</UniqueIdentifier>
    </Filter>
    <Filter Include="Engine\EngineCore\RenderPassManager">
      <UniqueIdentifier>{f740f6ed-08ff-4a46-8a71-8db3d3a50785}</UniqueIdentifier>
    </Filter>
    <Filter Include="Engine\EngineCore\SwapChain">
      <UniqueIdentifier>{f89a2610-55c3-4650-90b7-cb8a53396734}</UniqueIdentifier>
    </Filter>
    <Filter Include="Engine\EngineCore\ImageSamplerManager">
      <UniqueIdentifier>{9b59260c-341c-40fa-aea2-788d52adecff}</UniqueIdentifier>
    </Filter>
    <Filter Include="Engine\EngineCore\ImageSamplerManager\ImageSampler">
      <UniqueIdentifier>{8b666ad6-38e4-4af6-992f-00caf10cab15}</UniqueIdentifier>
    </Filter>
    <Filter Include="Engine\EngineCore\CommandBufferManager">
      <UniqueIdentifier>{258ed1d3-3f1f-4b82-9971-b6620ddfff97}</UniqueIdentifier>
    </Filter>
    <Filter Include="Engine\EngineCore\CommandBufferManager\CommandBuffer">
      <UniqueIdentifier>{ec43ca6a-d206-4b26-a935-fc2683c2a6dd}</UniqueIdentifier>
    </Filter>
    <Filter Include="Engine\EngineCore\DescriptorSystem">
      <UniqueIdentifier>{91c5c937-c5c2-4cc0-9d19-37d16231a80e}</UniqueIdentifier>
    </Filter>
    <Filter Include="Engine\EngineCore\DescriptorSystem\DescriptorAllocator">
      <UniqueIdentifier>{2659d45c-9a77-4568-9b56-485650558fe2}</UniqueIdentifier>
    </Filter>
    <Filter Include="Engine\EngineCore\DescriptorSystem\DescriptorWriter">
      <UniqueIdentifier>{9e6b4c44-45b3-4d7d-964a-ea170325c0da}</UniqueIdentifier>
    </Filter>
    <Filter Include="Engine\EngineCore\DescriptorSystem\DescriptorLayoutManager">
      <UniqueIdentifier>{82b31a41-ac8c-4730-be48-acb73fb57196}</UniqueIdentifier>
    </Filter>
    <Filter Include="Engine\EngineCore\DescriptorSystem\DescriptorLayoutManager\DescriptorLayoutBuilder">
      <UniqueIdentifier>{21ffb734-cbfa-4098-b9e3-32a172bd2e29}</UniqueIdentifier>
    </Filter>
    <Filter Include="Engine\EngineCore\ShaderModuleManager">
      <UniqueIdentifier>{ac2b5c6e-3c1d-42c4-81ce-71e973923c15}</UniqueIdentifier>
    </Filter>
    <Filter Include="Engine\EngineCore\ShaderModuleManager\ShaderModule">
      <UniqueIdentifier>{73f3a81a-7cd0-4e0c-82b8-9b6ac6429520}</UniqueIdentifier>
    </Filter>
    <Filter Include="Engine\EngineCore\RenderGraphSystem">
      <UniqueIdentifier>{4055ac2c-62fb-4e6c-ae98-eff03a558c5a}</UniqueIdentifier>
    </Filter>
    <Filter Include="Engine\EngineCore\RenderGraphSystem\RenderGraphManager">
      <UniqueIdentifier>{3694c671-8390-4508-81e9-4ab6a279d2ef}</UniqueIdentifier>
    </Filter>
    <Filter Include="Engine\EngineCore\RenderGraphSystem\RenderGraphManager\RenderGraph">
      <UniqueIdentifier>{950ad5d5-68b3-40b2-b663-c7cb55d0238a}</UniqueIdentifier>
    </Filter>
    <Filter Include="Engine\RenderSystem\ProcessingStages\RenderPipelineAssignmentStage">
      <UniqueIdentifier>{8582e231-24c7-4153-8297-d248715c943f}</UniqueIdentifier>
    </Filter>
    <Filter Include="Engine\EngineCore\Renderer">
      <UniqueIdentifier>{18c58c56-3add-4721-bede-e20a27bf7aa8}</UniqueIdentifier>
    </Filter>
    <Filter Include="Engine\EngineCore\Renderer\MeshRenderer">
      <UniqueIdentifier>{b0127dd9-5657-4158-a9ec-5346d9f9f2b4}</UniqueIdentifier>
    </Filter>
    <Filter Include="Engine\RenderSystem\SemaphoreManager">
      <UniqueIdentifier>{68d1906a-da0b-4bfd-9530-1648040fbee9}</UniqueIdentifier>
    </Filter>
    <Filter Include="Engine\EngineCore\Renderer\GpuCalls">
      <UniqueIdentifier>{4d51e947-5dd9-488b-a8d7-90c8fb772d3f}</UniqueIdentifier>
    </Filter>
    <Filter Include="Engine\EngineCore\Renderer\GpuCalls\DrawCall">
      <UniqueIdentifier>{5be6ac9d-df7b-4ea6-8cba-8aeae450a450}</UniqueIdentifier>
    </Filter>
    <Filter Include="Engine\EngineCore\RenderGraphSystem\RenderGraphExecutor">
      <UniqueIdentifier>{86baad61-1275-464f-a740-35c5fbc30f7c}</UniqueIdentifier>
    </Filter>
    <Filter Include="Engine\EngineCore\RenderGraphSystem\RenderGraphManager\RenderGraph\RenderNode">
      <UniqueIdentifier>{9ea6f99f-95b7-47c8-9ef7-7f20f7b3952e}</UniqueIdentifier>
    </Filter>
    <Filter Include="Engine\EngineCore\RenderGraphSystem\RenderGraphManager\RenderGraph\RenderGraphBuilder">
      <UniqueIdentifier>{6f8603e1-9c8c-4162-a324-19a5a0450df7}</UniqueIdentifier>
    </Filter>
    <Filter Include="Engine\EngineCore\RenderGraphSystem\RenderTarget">
      <UniqueIdentifier>{36e440b4-42ba-4e67-9ad3-f290ac9ab546}</UniqueIdentifier>
    </Filter>
    <Filter Include="Engine\Scene\EntityComponentSystem\Registry\ComponentManager\Components\CameraComponent">
      <UniqueIdentifier>{71e485a2-dffb-4497-9ed9-877507d0b3b8}</UniqueIdentifier>
    </Filter>
    <Filter Include="Engine\EngineCore\RenderGraphSystem\RenderGraphManager\RenderGraph\RenderGraphTemplates">
      <UniqueIdentifier>{411743e1-de56-4282-9b76-52261cf7f9ec}</UniqueIdentifier>
    </Filter>
    <Filter Include="Engine\AssetSystem\AssetManager\AssetHandlers\RenderGraphTemplateManager">
      <UniqueIdentifier>{ce96e513-34c7-4a77-a80f-f16532aa68b8}</UniqueIdentifier>
    </Filter>
    <Filter Include="Engine\EngineCore\RenderGraphSystem\RenderGraphExecutor\IImGuiProvider">
      <UniqueIdentifier>{8c9ababb-30f0-47c8-8790-5cb7750f9d2d}</UniqueIdentifier>
    </Filter>
    <Filter Include="Engine\EngineCore\RenderGraphSystem\RenderGraphExecutor\IImGuiProvider\DearImGuiProvider">
      <UniqueIdentifier>{6cd33dcd-eac5-41e7-8689-7e7c67ede8de}</UniqueIdentifier>
    </Filter>
    <Filter Include="Engine\EngineCore\Renderer\ComputeDispatcer">
      <UniqueIdentifier>{1c3b2462-5e72-47ff-baaa-24a19b7b2498}</UniqueIdentifier>
    </Filter>
    <Filter Include="Engine\EngineCore\DescriptorSystem\DescriptorSetBuilder">
      <UniqueIdentifier>{e3289a62-1654-4e6e-83eb-8ac7670ed8ef}</UniqueIdentifier>
    </Filter>
    <Filter Include="Engine\AssetSystem\AssetManager\AssetHandlers\MaterialManager\MaterialFactory">
      <UniqueIdentifier>{6fa30650-8874-47f1-a188-15ef50bf4005}</UniqueIdentifier>
    </Filter>
    <Filter Include="Engine\EngineCore\BufferManager">
      <UniqueIdentifier>{f4f12b53-9db7-47a6-9c37-5077623ee1c0}</UniqueIdentifier>
    </Filter>
  </ItemGroup>
</Project>