<?xml version="1.0" encoding="utf-8"?>
<Project ToolsVersion="4.0" xmlns="http://schemas.microsoft.com/developer/msbuild/2003">
  <ItemGroup>
    <ClInclude Include="pch.h" />
    <ClInclude Include="framework.h" />
    <ClInclude Include="ConverterLib.h" />
    <ClInclude Include="bc7enc\bc7enc.h" />
    <ClInclude Include="Shader.h" />
    <ClInclude Include="ShaderParserPEGTL.h" />
    <ClInclude Include="ShaderBuilder.h" />
    <ClInclude Include="ShaderReflector.h" />
    <ClInclude Include="ShaderCompiler.h" />
  </ItemGroup>
  <ItemGroup>
    <ClCompile Include="pch.cpp" />
    <ClCompile Include="ConverterLib.cpp" />
    <ClCompile Include="bc7enc\bc7enc.c" />
    <ClCompile Include="Shader.cpp" />
    <ClCompile Include="ShaderParserPEGTL.cpp" />
    <ClCompile Include="ShaderBuilder.cpp" />
    <ClCompile Include="ShaderReflector.cpp" />
    <ClCompile Include="ShaderCompiler.cpp" />
  </ItemGroup>
</Project>